// !$*UTF8*$!
{
	archiveVersion = 1;
	classes = {
	};
	objectVersion = 46;
	objects = {

/* Begin PBXBuildFile section */
		379C7DBA1DEE73B000DB3A74 /* AppDelegate.swift in Sources */ = {isa = PBXBuildFile; fileRef = 379C7DB91DEE73B000DB3A74 /* AppDelegate.swift */; };
		379C7DBF1DEE73B000DB3A74 /* Main.storyboard in Resources */ = {isa = PBXBuildFile; fileRef = 379C7DBD1DEE73B000DB3A74 /* Main.storyboard */; };
		379C7DC11DEE73B000DB3A74 /* Assets.xcassets in Resources */ = {isa = PBXBuildFile; fileRef = 379C7DC01DEE73B000DB3A74 /* Assets.xcassets */; };
		379C7DDC1DEE7AF600DB3A74 /* Home.storyboard in Resources */ = {isa = PBXBuildFile; fileRef = 379C7DDA1DEE7AF600DB3A74 /* Home.storyboard */; };
		379C7DDE1DEE7B1D00DB3A74 /* Live.storyboard in Resources */ = {isa = PBXBuildFile; fileRef = 379C7DDD1DEE7B1D00DB3A74 /* Live.storyboard */; };
		379C7DE11DEE7B5200DB3A74 /* Cared.storyboard in Resources */ = {isa = PBXBuildFile; fileRef = 379C7DDF1DEE7B5200DB3A74 /* Cared.storyboard */; };
		379C7DE31DEE7B7100DB3A74 /* Own.storyboard in Resources */ = {isa = PBXBuildFile; fileRef = 379C7DE21DEE7B7100DB3A74 /* Own.storyboard */; };
		379C7DEF1DEE7CFD00DB3A74 /* RootTabBarVC.swift in Sources */ = {isa = PBXBuildFile; fileRef = 379C7DEE1DEE7CFD00DB3A74 /* RootTabBarVC.swift */; };
/* End PBXBuildFile section */

/* Begin PBXFileReference section */
		379C7DB61DEE73B000DB3A74 /* DYSwift.app */ = {isa = PBXFileReference; explicitFileType = wrapper.application; includeInIndex = 0; path = DYSwift.app; sourceTree = BUILT_PRODUCTS_DIR; };
		379C7DB91DEE73B000DB3A74 /* AppDelegate.swift */ = {isa = PBXFileReference; lastKnownFileType = sourcecode.swift; path = AppDelegate.swift; sourceTree = "<group>"; };
		379C7DBE1DEE73B000DB3A74 /* Base */ = {isa = PBXFileReference; lastKnownFileType = file.storyboard; name = Base; path = Base.lproj/Main.storyboard; sourceTree = "<group>"; };
		379C7DC01DEE73B000DB3A74 /* Assets.xcassets */ = {isa = PBXFileReference; lastKnownFileType = folder.assetcatalog; path = Assets.xcassets; sourceTree = "<group>"; };
		379C7DC51DEE73B000DB3A74 /* Info.plist */ = {isa = PBXFileReference; lastKnownFileType = text.plist.xml; path = Info.plist; sourceTree = "<group>"; };
		379C7DDB1DEE7AF600DB3A74 /* Base */ = {isa = PBXFileReference; lastKnownFileType = file.storyboard; name = Base; path = Base.lproj/Home.storyboard; sourceTree = "<group>"; };
		379C7DDD1DEE7B1D00DB3A74 /* Live.storyboard */ = {isa = PBXFileReference; fileEncoding = 4; lastKnownFileType = file.storyboard; name = Live.storyboard; path = ../../../Live.storyboard; sourceTree = "<group>"; };
		379C7DE01DEE7B5200DB3A74 /* Base */ = {isa = PBXFileReference; lastKnownFileType = file.storyboard; name = Base; path = Base.lproj/Cared.storyboard; sourceTree = "<group>"; };
		379C7DE21DEE7B7100DB3A74 /* Own.storyboard */ = {isa = PBXFileReference; fileEncoding = 4; lastKnownFileType = file.storyboard; name = Own.storyboard; path = ../../../Own.storyboard; sourceTree = "<group>"; };
		379C7DEE1DEE7CFD00DB3A74 /* RootTabBarVC.swift */ = {isa = PBXFileReference; fileEncoding = 4; lastKnownFileType = sourcecode.swift; path = RootTabBarVC.swift; sourceTree = "<group>"; };
/* End PBXFileReference section */

/* Begin PBXFrameworksBuildPhase section */
		379C7DB31DEE73B000DB3A74 /* Frameworks */ = {
			isa = PBXFrameworksBuildPhase;
			buildActionMask = 2147483647;
			files = (
			);
			runOnlyForDeploymentPostprocessing = 0;
		};
/* End PBXFrameworksBuildPhase section */

/* Begin PBXGroup section */
		379C7DAD1DEE73B000DB3A74 = {
			isa = PBXGroup;
			children = (
				379C7DB81DEE73B000DB3A74 /* DYSwift */,
				379C7DB71DEE73B000DB3A74 /* Products */,
			);
			sourceTree = "<group>";
		};
		379C7DB71DEE73B000DB3A74 /* Products */ = {
			isa = PBXGroup;
			children = (
				379C7DB61DEE73B000DB3A74 /* DYSwift.app */,
			);
			name = Products;
			sourceTree = "<group>";
		};
		379C7DB81DEE73B000DB3A74 /* DYSwift */ = {
			isa = PBXGroup;
			children = (
				379C7DCB1DEE7AB000DB3A74 /* Classes */,
				379C7DB91DEE73B000DB3A74 /* AppDelegate.swift */,
				379C7DBD1DEE73B000DB3A74 /* Main.storyboard */,
				379C7DC01DEE73B000DB3A74 /* Assets.xcassets */,
				379C7DC51DEE73B000DB3A74 /* Info.plist */,
			);
			path = DYSwift;
			sourceTree = "<group>";
		};
		379C7DCB1DEE7AB000DB3A74 /* Classes */ = {
			isa = PBXGroup;
			children = (
				379C7DD11DEE7AB000DB3A74 /* Main */,
				379C7DCC1DEE7AB000DB3A74 /* Home */,
				379C7DD61DEE7AB000DB3A74 /* Room */,
				379C7DE41DEE7C1A00DB3A74 /* Cared */,
				379C7DE91DEE7C1A00DB3A74 /* Own */,
				379C7DD81DEE7AB000DB3A74 /* Tools */,
			);
			path = Classes;
			sourceTree = "<group>";
		};
		379C7DCC1DEE7AB000DB3A74 /* Home */ = {
			isa = PBXGroup;
			children = (
				379C7DCD1DEE7AB000DB3A74 /* Controller */,
				379C7DCE1DEE7AB000DB3A74 /* Model */,
				379C7DCF1DEE7AB000DB3A74 /* View */,
				379C7DD01DEE7AB000DB3A74 /* ViewModel */,
			);
			path = Home;
			sourceTree = "<group>";
		};
		379C7DCD1DEE7AB000DB3A74 /* Controller */ = {
			isa = PBXGroup;
			children = (
				379C7DDA1DEE7AF600DB3A74 /* Home.storyboard */,
			);
			path = Controller;
			sourceTree = "<group>";
		};
		379C7DCE1DEE7AB000DB3A74 /* Model */ = {
			isa = PBXGroup;
			children = (
			);
			path = Model;
			sourceTree = "<group>";
		};
		379C7DCF1DEE7AB000DB3A74 /* View */ = {
			isa = PBXGroup;
			children = (
			);
			path = View;
			sourceTree = "<group>";
		};
		379C7DD01DEE7AB000DB3A74 /* ViewModel */ = {
			isa = PBXGroup;
			children = (
			);
			path = ViewModel;
			sourceTree = "<group>";
		};
		379C7DD11DEE7AB000DB3A74 /* Main */ = {
			isa = PBXGroup;
			children = (
				379C7DD21DEE7AB000DB3A74 /* Controller */,
				379C7DD31DEE7AB000DB3A74 /* Model */,
				379C7DD41DEE7AB000DB3A74 /* View */,
				379C7DD51DEE7AB000DB3A74 /* ViewModel */,
			);
			path = Main;
			sourceTree = "<group>";
		};
		379C7DD21DEE7AB000DB3A74 /* Controller */ = {
			isa = PBXGroup;
			children = (
				379C7DEE1DEE7CFD00DB3A74 /* RootTabBarVC.swift */,
			);
			path = Controller;
			sourceTree = "<group>";
		};
		379C7DD31DEE7AB000DB3A74 /* Model */ = {
			isa = PBXGroup;
			children = (
			);
			path = Model;
			sourceTree = "<group>";
		};
		379C7DD41DEE7AB000DB3A74 /* View */ = {
			isa = PBXGroup;
			children = (
			);
			path = View;
			sourceTree = "<group>";
		};
		379C7DD51DEE7AB000DB3A74 /* ViewModel */ = {
			isa = PBXGroup;
			children = (
			);
			path = ViewModel;
			sourceTree = "<group>";
		};
		379C7DD61DEE7AB000DB3A74 /* Room */ = {
			isa = PBXGroup;
			children = (
				379C7DD71DEE7AB000DB3A74 /* Controller */,
			);
			path = Room;
			sourceTree = "<group>";
		};
		379C7DD71DEE7AB000DB3A74 /* Controller */ = {
			isa = PBXGroup;
			children = (
				379C7DDD1DEE7B1D00DB3A74 /* Live.storyboard */,
			);
			path = Controller;
			sourceTree = "<group>";
		};
		379C7DD81DEE7AB000DB3A74 /* Tools */ = {
			isa = PBXGroup;
			children = (
				379C7DD91DEE7AB000DB3A74 /* Extension */,
			);
			path = Tools;
			sourceTree = "<group>";
		};
		379C7DD91DEE7AB000DB3A74 /* Extension */ = {
			isa = PBXGroup;
			children = (
			);
			path = Extension;
			sourceTree = "<group>";
		};
		379C7DE41DEE7C1A00DB3A74 /* Cared */ = {
			isa = PBXGroup;
			children = (
				379C7DE51DEE7C1A00DB3A74 /* controller */,
				379C7DE61DEE7C1A00DB3A74 /* model */,
				379C7DE71DEE7C1A00DB3A74 /* view */,
				379C7DE81DEE7C1A00DB3A74 /* viewModel */,
			);
			path = Cared;
			sourceTree = "<group>";
		};
		379C7DE51DEE7C1A00DB3A74 /* controller */ = {
			isa = PBXGroup;
			children = (
				379C7DDF1DEE7B5200DB3A74 /* Cared.storyboard */,
			);
			path = controller;
			sourceTree = "<group>";
		};
		379C7DE61DEE7C1A00DB3A74 /* model */ = {
			isa = PBXGroup;
			children = (
			);
			path = model;
			sourceTree = "<group>";
		};
		379C7DE71DEE7C1A00DB3A74 /* view */ = {
			isa = PBXGroup;
			children = (
			);
			path = view;
			sourceTree = "<group>";
		};
		379C7DE81DEE7C1A00DB3A74 /* viewModel */ = {
			isa = PBXGroup;
			children = (
			);
			path = viewModel;
			sourceTree = "<group>";
		};
		379C7DE91DEE7C1A00DB3A74 /* Own */ = {
			isa = PBXGroup;
			children = (
				379C7DEA1DEE7C1A00DB3A74 /* controller */,
				379C7DEB1DEE7C1A00DB3A74 /* model */,
				379C7DEC1DEE7C1A00DB3A74 /* view */,
				379C7DED1DEE7C1A00DB3A74 /* viewModel */,
			);
			path = Own;
			sourceTree = "<group>";
		};
		379C7DEA1DEE7C1A00DB3A74 /* controller */ = {
			isa = PBXGroup;
			children = (
				379C7DE21DEE7B7100DB3A74 /* Own.storyboard */,
			);
			path = controller;
			sourceTree = "<group>";
		};
		379C7DEB1DEE7C1A00DB3A74 /* model */ = {
			isa = PBXGroup;
			children = (
			);
			path = model;
			sourceTree = "<group>";
		};
		379C7DEC1DEE7C1A00DB3A74 /* view */ = {
			isa = PBXGroup;
			children = (
			);
			path = view;
			sourceTree = "<group>";
		};
		379C7DED1DEE7C1A00DB3A74 /* viewModel */ = {
			isa = PBXGroup;
			children = (
			);
			path = viewModel;
			sourceTree = "<group>";
		};
/* End PBXGroup section */

/* Begin PBXNativeTarget section */
		379C7DB51DEE73B000DB3A74 /* DYSwift */ = {
			isa = PBXNativeTarget;
			buildConfigurationList = 379C7DC81DEE73B000DB3A74 /* Build configuration list for PBXNativeTarget "DYSwift" */;
			buildPhases = (
				379C7DB21DEE73B000DB3A74 /* Sources */,
				379C7DB31DEE73B000DB3A74 /* Frameworks */,
				379C7DB41DEE73B000DB3A74 /* Resources */,
			);
			buildRules = (
			);
			dependencies = (
			);
			name = DYSwift;
			productName = DYSwift;
			productReference = 379C7DB61DEE73B000DB3A74 /* DYSwift.app */;
			productType = "com.apple.product-type.application";
		};
/* End PBXNativeTarget section */

/* Begin PBXProject section */
		379C7DAE1DEE73B000DB3A74 /* Project object */ = {
			isa = PBXProject;
			attributes = {
				LastSwiftUpdateCheck = 0810;
				LastUpgradeCheck = 0810;
				ORGANIZATIONNAME = maker;
				TargetAttributes = {
					379C7DB51DEE73B000DB3A74 = {
						CreatedOnToolsVersion = 8.1;
						DevelopmentTeam = KY98ADSRDF;
						ProvisioningStyle = Automatic;
					};
				};
			};
			buildConfigurationList = 379C7DB11DEE73B000DB3A74 /* Build configuration list for PBXProject "DYSwift" */;
			compatibilityVersion = "Xcode 3.2";
			developmentRegion = English;
			hasScannedForEncodings = 0;
			knownRegions = (
				en,
				Base,
			);
			mainGroup = 379C7DAD1DEE73B000DB3A74;
			productRefGroup = 379C7DB71DEE73B000DB3A74 /* Products */;
			projectDirPath = "";
			projectRoot = "";
			targets = (
				379C7DB51DEE73B000DB3A74 /* DYSwift */,
			);
		};
/* End PBXProject section */

/* Begin PBXResourcesBuildPhase section */
		379C7DB41DEE73B000DB3A74 /* Resources */ = {
			isa = PBXResourcesBuildPhase;
			buildActionMask = 2147483647;
			files = (
				379C7DDC1DEE7AF600DB3A74 /* Home.storyboard in Resources */,
				379C7DE31DEE7B7100DB3A74 /* Own.storyboard in Resources */,
				379C7DE11DEE7B5200DB3A74 /* Cared.storyboard in Resources */,
				379C7DC11DEE73B000DB3A74 /* Assets.xcassets in Resources */,
				379C7DDE1DEE7B1D00DB3A74 /* Live.storyboard in Resources */,
				379C7DBF1DEE73B000DB3A74 /* Main.storyboard in Resources */,
			);
			runOnlyForDeploymentPostprocessing = 0;
		};
/* End PBXResourcesBuildPhase section */

/* Begin PBXSourcesBuildPhase section */
		379C7DB21DEE73B000DB3A74 /* Sources */ = {
			isa = PBXSourcesBuildPhase;
			buildActionMask = 2147483647;
			files = (
				379C7DEF1DEE7CFD00DB3A74 /* RootTabBarVC.swift in Sources */,
				379C7DBA1DEE73B000DB3A74 /* AppDelegate.swift in Sources */,
			);
			runOnlyForDeploymentPostprocessing = 0;
		};
/* End PBXSourcesBuildPhase section */

/* Begin PBXVariantGroup section */
		379C7DBD1DEE73B000DB3A74 /* Main.storyboard */ = {
			isa = PBXVariantGroup;
			children = (
				379C7DBE1DEE73B000DB3A74 /* Base */,
			);
			name = Main.storyboard;
			sourceTree = "<group>";
		};
		379C7DDA1DEE7AF600DB3A74 /* Home.storyboard */ = {
			isa = PBXVariantGroup;
			children = (
				379C7DDB1DEE7AF600DB3A74 /* Base */,
			);
			name = Home.storyboard;
			path = ../../..;
			sourceTree = "<group>";
		};
		379C7DDF1DEE7B5200DB3A74 /* Cared.storyboard */ = {
			isa = PBXVariantGroup;
			children = (
				379C7DE01DEE7B5200DB3A74 /* Base */,
			);
			name = Cared.storyboard;
			path = ../../..;
			sourceTree = "<group>";
		};
/* End PBXVariantGroup section */

/* Begin XCBuildConfiguration section */
		379C7DC61DEE73B000DB3A74 /* Debug */ = {
			isa = XCBuildConfiguration;
			buildSettings = {
				ALWAYS_SEARCH_USER_PATHS = NO;
				CLANG_ANALYZER_NONNULL = YES;
				CLANG_CXX_LANGUAGE_STANDARD = "gnu++0x";
				CLANG_CXX_LIBRARY = "libc++";
				CLANG_ENABLE_MODULES = YES;
				CLANG_ENABLE_OBJC_ARC = YES;
				CLANG_WARN_BOOL_CONVERSION = YES;
				CLANG_WARN_CONSTANT_CONVERSION = YES;
				CLANG_WARN_DIRECT_OBJC_ISA_USAGE = YES_ERROR;
				CLANG_WARN_DOCUMENTATION_COMMENTS = YES;
				CLANG_WARN_EMPTY_BODY = YES;
				CLANG_WARN_ENUM_CONVERSION = YES;
				CLANG_WARN_INFINITE_RECURSION = YES;
				CLANG_WARN_INT_CONVERSION = YES;
				CLANG_WARN_OBJC_ROOT_CLASS = YES_ERROR;
				CLANG_WARN_SUSPICIOUS_MOVES = YES;
				CLANG_WARN_UNREACHABLE_CODE = YES;
				CLANG_WARN__DUPLICATE_METHOD_MATCH = YES;
				"CODE_SIGN_IDENTITY[sdk=iphoneos*]" = "iPhone Developer";
				COPY_PHASE_STRIP = NO;
				DEBUG_INFORMATION_FORMAT = dwarf;
				ENABLE_STRICT_OBJC_MSGSEND = YES;
				ENABLE_TESTABILITY = YES;
				GCC_C_LANGUAGE_STANDARD = gnu99;
				GCC_DYNAMIC_NO_PIC = NO;
				GCC_NO_COMMON_BLOCKS = YES;
				GCC_OPTIMIZATION_LEVEL = 0;
				GCC_PREPROCESSOR_DEFINITIONS = (
					"DEBUG=1",
					"$(inherited)",
				);
				GCC_WARN_64_TO_32_BIT_CONVERSION = YES;
				GCC_WARN_ABOUT_RETURN_TYPE = YES_ERROR;
				GCC_WARN_UNDECLARED_SELECTOR = YES;
				GCC_WARN_UNINITIALIZED_AUTOS = YES_AGGRESSIVE;
				GCC_WARN_UNUSED_FUNCTION = YES;
				GCC_WARN_UNUSED_VARIABLE = YES;
				IPHONEOS_DEPLOYMENT_TARGET = 10.1;
				MTL_ENABLE_DEBUG_INFO = YES;
				ONLY_ACTIVE_ARCH = YES;
				SDKROOT = iphoneos;
				SWIFT_ACTIVE_COMPILATION_CONDITIONS = DEBUG;
				SWIFT_OPTIMIZATION_LEVEL = "-Onone";
			};
			name = Debug;
		};
		379C7DC71DEE73B000DB3A74 /* Release */ = {
			isa = XCBuildConfiguration;
			buildSettings = {
				ALWAYS_SEARCH_USER_PATHS = NO;
				CLANG_ANALYZER_NONNULL = YES;
				CLANG_CXX_LANGUAGE_STANDARD = "gnu++0x";
				CLANG_CXX_LIBRARY = "libc++";
				CLANG_ENABLE_MODULES = YES;
				CLANG_ENABLE_OBJC_ARC = YES;
				CLANG_WARN_BOOL_CONVERSION = YES;
				CLANG_WARN_CONSTANT_CONVERSION = YES;
				CLANG_WARN_DIRECT_OBJC_ISA_USAGE = YES_ERROR;
				CLANG_WARN_DOCUMENTATION_COMMENTS = YES;
				CLANG_WARN_EMPTY_BODY = YES;
				CLANG_WARN_ENUM_CONVERSION = YES;
				CLANG_WARN_INFINITE_RECURSION = YES;
				CLANG_WARN_INT_CONVERSION = YES;
				CLANG_WARN_OBJC_ROOT_CLASS = YES_ERROR;
				CLANG_WARN_SUSPICIOUS_MOVES = YES;
				CLANG_WARN_UNREACHABLE_CODE = YES;
				CLANG_WARN__DUPLICATE_METHOD_MATCH = YES;
				"CODE_SIGN_IDENTITY[sdk=iphoneos*]" = "iPhone Developer";
				COPY_PHASE_STRIP = NO;
				DEBUG_INFORMATION_FORMAT = "dwarf-with-dsym";
				ENABLE_NS_ASSERTIONS = NO;
				ENABLE_STRICT_OBJC_MSGSEND = YES;
				GCC_C_LANGUAGE_STANDARD = gnu99;
				GCC_NO_COMMON_BLOCKS = YES;
				GCC_WARN_64_TO_32_BIT_CONVERSION = YES;
				GCC_WARN_ABOUT_RETURN_TYPE = YES_ERROR;
				GCC_WARN_UNDECLARED_SELECTOR = YES;
				GCC_WARN_UNINITIALIZED_AUTOS = YES_AGGRESSIVE;
				GCC_WARN_UNUSED_FUNCTION = YES;
				GCC_WARN_UNUSED_VARIABLE = YES;
				IPHONEOS_DEPLOYMENT_TARGET = 10.1;
				MTL_ENABLE_DEBUG_INFO = NO;
				SDKROOT = iphoneos;
				SWIFT_OPTIMIZATION_LEVEL = "-Owholemodule";
				VALIDATE_PRODUCT = YES;
			};
			name = Release;
		};
		379C7DC91DEE73B000DB3A74 /* Debug */ = {
			isa = XCBuildConfiguration;
			buildSettings = {
				ASSETCATALOG_COMPILER_APPICON_NAME = AppIcon;
				ASSETCATALOG_COMPILER_LAUNCHIMAGE_NAME = LaunchImage;
				DEVELOPMENT_TEAM = KY98ADSRDF;
				INFOPLIST_FILE = DYSwift/Info.plist;
				LD_RUNPATH_SEARCH_PATHS = "$(inherited) @executable_path/Frameworks";
				PRODUCT_BUNDLE_IDENTIFIER = mengma.cn.DYSwift;
				PRODUCT_NAME = "$(TARGET_NAME)";
				SWIFT_VERSION = 3.0;
			};
			name = Debug;
		};
		379C7DCA1DEE73B000DB3A74 /* Release */ = {
			isa = XCBuildConfiguration;
			buildSettings = {
				ASSETCATALOG_COMPILER_APPICON_NAME = AppIcon;
				ASSETCATALOG_COMPILER_LAUNCHIMAGE_NAME = LaunchImage;
				DEVELOPMENT_TEAM = KY98ADSRDF;
				INFOPLIST_FILE = DYSwift/Info.plist;
				LD_RUNPATH_SEARCH_PATHS = "$(inherited) @executable_path/Frameworks";
				PRODUCT_BUNDLE_IDENTIFIER = mengma.cn.DYSwift;
				PRODUCT_NAME = "$(TARGET_NAME)";
				SWIFT_VERSION = 3.0;
			};
			name = Release;
		};
/* End XCBuildConfiguration section */

/* Begin XCConfigurationList section */
		379C7DB11DEE73B000DB3A74 /* Build configuration list for PBXProject "DYSwift" */ = {
			isa = XCConfigurationList;
			buildConfigurations = (
				379C7DC61DEE73B000DB3A74 /* Debug */,
				379C7DC71DEE73B000DB3A74 /* Release */,
			);
			defaultConfigurationIsVisible = 0;
			defaultConfigurationName = Release;
		};
		379C7DC81DEE73B000DB3A74 /* Build configuration list for PBXNativeTarget "DYSwift" */ = {
			isa = XCConfigurationList;
			buildConfigurations = (
				379C7DC91DEE73B000DB3A74 /* Debug */,
				379C7DCA1DEE73B000DB3A74 /* Release */,
			);
			defaultConfigurationIsVisible = 0;
			defaultConfigurationName = Release;
		};
/* End XCConfigurationList section */
	};
	rootObject = 379C7DAE1DEE73B000DB3A74 /* Project object */;
}
