// !$*UTF8*$!
{
	archiveVersion = 1;
	classes = {
	};
	objectVersion = 46;
	objects = {

/* Begin PBXBuildFile section */
		1A2987301E14B90D006F3A41 /* LivingCollection.swift in Sources */ = {isa = PBXBuildFile; fileRef = 1A29872E1E14B90D006F3A41 /* LivingCollection.swift */; };
		1A2987351E1503DA006F3A41 /* LivingRoom.xib in Resources */ = {isa = PBXBuildFile; fileRef = 1A2987341E1503DA006F3A41 /* LivingRoom.xib */; };
		1A2987371E150710006F3A41 /* RoomToolBar.swift in Sources */ = {isa = PBXBuildFile; fileRef = 1A2987361E150710006F3A41 /* RoomToolBar.swift */; };
		1A29873B1E150ACA006F3A41 /* RoomToolBar.xib in Resources */ = {isa = PBXBuildFile; fileRef = 1A29873A1E150ACA006F3A41 /* RoomToolBar.xib */; };
		1A9AC9801E124A7A00EC297F /* AnchorListVC.swift in Sources */ = {isa = PBXBuildFile; fileRef = 1A9AC97F1E124A7A00EC297F /* AnchorListVC.swift */; };
		1A9AC9821E124E0400EC297F /* InkeTitleView.swift in Sources */ = {isa = PBXBuildFile; fileRef = 1A9AC9811E124E0400EC297F /* InkeTitleView.swift */; };
		1A9AC9841E1269DD00EC297F /* HotAnchorVC.swift in Sources */ = {isa = PBXBuildFile; fileRef = 1A9AC9831E1269DD00EC297F /* HotAnchorVC.swift */; };
		1A9AC9861E126DD000EC297F /* CaredAnchorVC.swift in Sources */ = {isa = PBXBuildFile; fileRef = 1A9AC9851E126DD000EC297F /* CaredAnchorVC.swift */; };
		1AF254A51E135F0900A00955 /* InkeHotAnchorCell.swift in Sources */ = {isa = PBXBuildFile; fileRef = 1AF254A31E135F0900A00955 /* InkeHotAnchorCell.swift */; };
		1AF254A61E135F0900A00955 /* InkeHotAnchorCell.xib in Resources */ = {isa = PBXBuildFile; fileRef = 1AF254A41E135F0900A00955 /* InkeHotAnchorCell.xib */; };
		1AF254A81E136D9700A00955 /* InkeHotViewModel.swift in Sources */ = {isa = PBXBuildFile; fileRef = 1AF254A71E136D9700A00955 /* InkeHotViewModel.swift */; };
		1AF254AC1E1372B200A00955 /* Creator.swift in Sources */ = {isa = PBXBuildFile; fileRef = 1AF254A91E1372B200A00955 /* Creator.swift */; };
		1AF254AD1E1372B200A00955 /* Live.swift in Sources */ = {isa = PBXBuildFile; fileRef = 1AF254AA1E1372B200A00955 /* Live.swift */; };
		1AF254AE1E1372B200A00955 /* RootClass.swift in Sources */ = {isa = PBXBuildFile; fileRef = 1AF254AB1E1372B200A00955 /* RootClass.swift */; };
		1AF254B01E13A8A800A00955 /* IJKMediaFramework.framework in Frameworks */ = {isa = PBXBuildFile; fileRef = 1AF254AF1E13A8A800A00955 /* IJKMediaFramework.framework */; };
		1AF254B21E13A92600A00955 /* AudioToolbox.framework in Frameworks */ = {isa = PBXBuildFile; fileRef = 1AF254B11E13A92600A00955 /* AudioToolbox.framework */; };
		1AF254B41E13A93200A00955 /* AVFoundation.framework in Frameworks */ = {isa = PBXBuildFile; fileRef = 1AF254B31E13A93200A00955 /* AVFoundation.framework */; };
		1AF254B61E13A93F00A00955 /* CoreMedia.framework in Frameworks */ = {isa = PBXBuildFile; fileRef = 1AF254B51E13A93F00A00955 /* CoreMedia.framework */; };
		1AF254B81E13A94A00A00955 /* CoreVideo.framework in Frameworks */ = {isa = PBXBuildFile; fileRef = 1AF254B71E13A94A00A00955 /* CoreVideo.framework */; };
		1AF254BA1E13A97900A00955 /* libbz2.tbd in Frameworks */ = {isa = PBXBuildFile; fileRef = 1AF254B91E13A97900A00955 /* libbz2.tbd */; };
		1AF254BC1E13A98600A00955 /* libz.tbd in Frameworks */ = {isa = PBXBuildFile; fileRef = 1AF254BB1E13A98600A00955 /* libz.tbd */; };
		1AF254BE1E13A99B00A00955 /* MediaPlayer.framework in Frameworks */ = {isa = PBXBuildFile; fileRef = 1AF254BD1E13A99B00A00955 /* MediaPlayer.framework */; };
		1AF254C01E13A9AA00A00955 /* MobileCoreServices.framework in Frameworks */ = {isa = PBXBuildFile; fileRef = 1AF254BF1E13A9AA00A00955 /* MobileCoreServices.framework */; };
		1AF254C21E13A9B700A00955 /* OpenGLES.framework in Frameworks */ = {isa = PBXBuildFile; fileRef = 1AF254C11E13A9B700A00955 /* OpenGLES.framework */; };
		1AF254C41E13A9C700A00955 /* VideoToolbox.framework in Frameworks */ = {isa = PBXBuildFile; fileRef = 1AF254C31E13A9C700A00955 /* VideoToolbox.framework */; };
		1AF254CB1E13C19200A00955 /* LivingRoom.swift in Sources */ = {isa = PBXBuildFile; fileRef = 1AF254C91E13C19200A00955 /* LivingRoom.swift */; };
		374ADB0B1DEFC8A500794724 /* ContentView.swift in Sources */ = {isa = PBXBuildFile; fileRef = 374ADB0A1DEFC8A500794724 /* ContentView.swift */; };
		374ADB0D1DEFD81800794724 /* UIColor-Extension.swift in Sources */ = {isa = PBXBuildFile; fileRef = 374ADB0C1DEFD81800794724 /* UIColor-Extension.swift */; };
		37553FBA1DF27D36008D978D /* NetworkTool.swift in Sources */ = {isa = PBXBuildFile; fileRef = 37553FB91DF27D36008D978D /* NetworkTool.swift */; };
		37553FBC1DF29CEB008D978D /* RecommadViewModel.swift in Sources */ = {isa = PBXBuildFile; fileRef = 37553FBB1DF29CEB008D978D /* RecommadViewModel.swift */; };
		37553FBE1DF29D73008D978D /* NSDate-Extension.swift in Sources */ = {isa = PBXBuildFile; fileRef = 37553FBD1DF29D73008D978D /* NSDate-Extension.swift */; };
		37553FC01DF2A7A5008D978D /* AnchorGroup.swift in Sources */ = {isa = PBXBuildFile; fileRef = 37553FBF1DF2A7A5008D978D /* AnchorGroup.swift */; };
		3776BCED1DF90E0E004B5564 /* MenueView.swift in Sources */ = {isa = PBXBuildFile; fileRef = 3776BCEC1DF90E0E004B5564 /* MenueView.swift */; };
		3776BCEF1DF90E1F004B5564 /* MenueView.xib in Resources */ = {isa = PBXBuildFile; fileRef = 3776BCEE1DF90E1F004B5564 /* MenueView.xib */; };
		3776BCF21DF95ACC004B5564 /* MenueCell.swift in Sources */ = {isa = PBXBuildFile; fileRef = 3776BCF01DF95ACC004B5564 /* MenueCell.swift */; };
		3776BCF31DF95ACC004B5564 /* MenueCell.xib in Resources */ = {isa = PBXBuildFile; fileRef = 3776BCF11DF95ACC004B5564 /* MenueCell.xib */; };
		37883A0F1DF64E3500B36C60 /* CycleModel.swift in Sources */ = {isa = PBXBuildFile; fileRef = 37883A0E1DF64E3500B36C60 /* CycleModel.swift */; };
		37883A121DF6552C00B36C60 /* CycleCell.swift in Sources */ = {isa = PBXBuildFile; fileRef = 37883A101DF6552C00B36C60 /* CycleCell.swift */; };
		37883A131DF6552C00B36C60 /* CycleCell.xib in Resources */ = {isa = PBXBuildFile; fileRef = 37883A111DF6552C00B36C60 /* CycleCell.xib */; };
		37883A151DF671B000B36C60 /* GameView.swift in Sources */ = {isa = PBXBuildFile; fileRef = 37883A141DF671B000B36C60 /* GameView.swift */; };
		37883A1B1DF672FD00B36C60 /* GameView.xib in Resources */ = {isa = PBXBuildFile; fileRef = 37883A1A1DF672FD00B36C60 /* GameView.xib */; };
		37883A1E1DF6919900B36C60 /* GameCell.swift in Sources */ = {isa = PBXBuildFile; fileRef = 37883A1C1DF6919900B36C60 /* GameCell.swift */; };
		37883A1F1DF6919900B36C60 /* GameCell.xib in Resources */ = {isa = PBXBuildFile; fileRef = 37883A1D1DF6919900B36C60 /* GameCell.xib */; };
		37883A211DF6A02D00B36C60 /* GameVC.swift in Sources */ = {isa = PBXBuildFile; fileRef = 37883A201DF6A02D00B36C60 /* GameVC.swift */; };
		37883A231DF6AEBD00B36C60 /* GameViewModel.swift in Sources */ = {isa = PBXBuildFile; fileRef = 37883A221DF6AEBD00B36C60 /* GameViewModel.swift */; };
		37883A251DF6B07F00B36C60 /* GameModel.swift in Sources */ = {isa = PBXBuildFile; fileRef = 37883A241DF6B07F00B36C60 /* GameModel.swift */; };
		37883A271DF6B3D100B36C60 /* GameBaseModel.swift in Sources */ = {isa = PBXBuildFile; fileRef = 37883A261DF6B3D100B36C60 /* GameBaseModel.swift */; };
		379C7DBA1DEE73B000DB3A74 /* AppDelegate.swift in Sources */ = {isa = PBXBuildFile; fileRef = 379C7DB91DEE73B000DB3A74 /* AppDelegate.swift */; };
		379C7DBF1DEE73B000DB3A74 /* Main.storyboard in Resources */ = {isa = PBXBuildFile; fileRef = 379C7DBD1DEE73B000DB3A74 /* Main.storyboard */; };
		379C7DC11DEE73B000DB3A74 /* Assets.xcassets in Resources */ = {isa = PBXBuildFile; fileRef = 379C7DC01DEE73B000DB3A74 /* Assets.xcassets */; };
		379C7DDC1DEE7AF600DB3A74 /* Home.storyboard in Resources */ = {isa = PBXBuildFile; fileRef = 379C7DDA1DEE7AF600DB3A74 /* Home.storyboard */; };
		379C7DDE1DEE7B1D00DB3A74 /* Live.storyboard in Resources */ = {isa = PBXBuildFile; fileRef = 379C7DDD1DEE7B1D00DB3A74 /* Live.storyboard */; };
		379C7DE11DEE7B5200DB3A74 /* Cared.storyboard in Resources */ = {isa = PBXBuildFile; fileRef = 379C7DDF1DEE7B5200DB3A74 /* Cared.storyboard */; };
		379C7DE31DEE7B7100DB3A74 /* Own.storyboard in Resources */ = {isa = PBXBuildFile; fileRef = 379C7DE21DEE7B7100DB3A74 /* Own.storyboard */; };
		379C7DEF1DEE7CFD00DB3A74 /* RootTabBarVC.swift in Sources */ = {isa = PBXBuildFile; fileRef = 379C7DEE1DEE7CFD00DB3A74 /* RootTabBarVC.swift */; };
		379C7DF11DEE898500DB3A74 /* UIBarButtonItem-Extension.swift in Sources */ = {isa = PBXBuildFile; fileRef = 379C7DF01DEE898500DB3A74 /* UIBarButtonItem-Extension.swift */; };
		379C7DF31DEEB0D600DB3A74 /* HomeVC.swift in Sources */ = {isa = PBXBuildFile; fileRef = 379C7DF21DEEB0D600DB3A74 /* HomeVC.swift */; };
		379C7DF51DEEBD4700DB3A74 /* Common.swift in Sources */ = {isa = PBXBuildFile; fileRef = 379C7DF41DEEBD4700DB3A74 /* Common.swift */; };
		379C7DF71DEEBDCD00DB3A74 /* PageTitleView.swift in Sources */ = {isa = PBXBuildFile; fileRef = 379C7DF61DEEBDCD00DB3A74 /* PageTitleView.swift */; };
		379C7DF91DEED4F500DB3A74 /* UIView-Extension.swift in Sources */ = {isa = PBXBuildFile; fileRef = 379C7DF81DEED4F500DB3A74 /* UIView-Extension.swift */; };
		37AD86FF1DFA5D0C0026DE86 /* FunnyVC.swift in Sources */ = {isa = PBXBuildFile; fileRef = 37AD86FE1DFA5D0C0026DE86 /* FunnyVC.swift */; };
		37AD87011DFA5DBF0026DE86 /* MobileGameVC.swift in Sources */ = {isa = PBXBuildFile; fileRef = 37AD87001DFA5DBF0026DE86 /* MobileGameVC.swift */; };
		37AD87031DFA65130026DE86 /* FunnyViewModel.swift in Sources */ = {isa = PBXBuildFile; fileRef = 37AD87021DFA65130026DE86 /* FunnyViewModel.swift */; };
		37AD87051DFA819A0026DE86 /* BaseVC.swift in Sources */ = {isa = PBXBuildFile; fileRef = 37AD87041DFA819A0026DE86 /* BaseVC.swift */; };
		37AD870A1DFA922E0026DE86 /* ShowRoomVC.swift in Sources */ = {isa = PBXBuildFile; fileRef = 37AD87091DFA922E0026DE86 /* ShowRoomVC.swift */; };
		37AD870C1DFA92490026DE86 /* NormalRoomVC.swift in Sources */ = {isa = PBXBuildFile; fileRef = 37AD870B1DFA92490026DE86 /* NormalRoomVC.swift */; };
		37AD870E1DFA96D60026DE86 /* CustomNavigationController.swift in Sources */ = {isa = PBXBuildFile; fileRef = 37AD870D1DFA96D60026DE86 /* CustomNavigationController.swift */; };
		37B716621DF2B18200C819D3 /* AnchorModel.swift in Sources */ = {isa = PBXBuildFile; fileRef = 37B716611DF2B18200C819D3 /* AnchorModel.swift */; };
		37B9AE761DF7FAEC00DBFE95 /* EntertainVC.swift in Sources */ = {isa = PBXBuildFile; fileRef = 37B9AE751DF7FAEC00DBFE95 /* EntertainVC.swift */; };
		37B9AE781DF8017C00DBFE95 /* EntertainViewModel.swift in Sources */ = {isa = PBXBuildFile; fileRef = 37B9AE771DF8017C00DBFE95 /* EntertainViewModel.swift */; };
		37B9AE7A1DF80F4C00DBFE95 /* BaseViewModel.swift in Sources */ = {isa = PBXBuildFile; fileRef = 37B9AE791DF80F4C00DBFE95 /* BaseViewModel.swift */; };
		37B9AE7C1DF81A0200DBFE95 /* BaseAnchorGroupVC.swift in Sources */ = {isa = PBXBuildFile; fileRef = 37B9AE7B1DF81A0200DBFE95 /* BaseAnchorGroupVC.swift */; };
		37C5D1561DF1296C00671C04 /* RecommandVC.swift in Sources */ = {isa = PBXBuildFile; fileRef = 37C5D1551DF1296C00671C04 /* RecommandVC.swift */; };
		37C5D1581DF14C4A00671C04 /* Reveal.framework in Frameworks */ = {isa = PBXBuildFile; fileRef = 37C5D1571DF14C4A00671C04 /* Reveal.framework */; };
		37C5D15C1DF1551800671C04 /* CollectionHeader.swift in Sources */ = {isa = PBXBuildFile; fileRef = 37C5D15A1DF1551800671C04 /* CollectionHeader.swift */; };
		37C5D15D1DF1551800671C04 /* CollectionHeader.xib in Resources */ = {isa = PBXBuildFile; fileRef = 37C5D15B1DF1551800671C04 /* CollectionHeader.xib */; };
		37C5D1601DF15AE200671C04 /* NormalCollectionCell.swift in Sources */ = {isa = PBXBuildFile; fileRef = 37C5D15E1DF15AE200671C04 /* NormalCollectionCell.swift */; };
		37C5D1611DF15AE200671C04 /* NormalCollectionCell.xib in Resources */ = {isa = PBXBuildFile; fileRef = 37C5D15F1DF15AE200671C04 /* NormalCollectionCell.xib */; };
		37C5D1641DF1697A00671C04 /* PrettyCollectionCell.swift in Sources */ = {isa = PBXBuildFile; fileRef = 37C5D1621DF1697A00671C04 /* PrettyCollectionCell.swift */; };
		37C5D1651DF1697A00671C04 /* PrettyCollectionCell.xib in Resources */ = {isa = PBXBuildFile; fileRef = 37C5D1631DF1697A00671C04 /* PrettyCollectionCell.xib */; };
		37E0A1B11DF5334E007212EE /* collectionBaseCell.swift in Sources */ = {isa = PBXBuildFile; fileRef = 37E0A1B01DF5334E007212EE /* collectionBaseCell.swift */; };
		37E0A1B31DF54CF9007212EE /* MakerCycleView.swift in Sources */ = {isa = PBXBuildFile; fileRef = 37E0A1B21DF54CF9007212EE /* MakerCycleView.swift */; };
		37E0A1B51DF54D15007212EE /* MakerCycleView.xib in Resources */ = {isa = PBXBuildFile; fileRef = 37E0A1B41DF54D15007212EE /* MakerCycleView.xib */; };
		51ACD29CC13E47AFC642DB50 /* Pods_DYSwift.framework in Frameworks */ = {isa = PBXBuildFile; fileRef = 5F8ED60AFE797BF73B5E5179 /* Pods_DYSwift.framework */; };
/* End PBXBuildFile section */

/* Begin PBXFileReference section */
		1A29872E1E14B90D006F3A41 /* LivingCollection.swift */ = {isa = PBXFileReference; fileEncoding = 4; lastKnownFileType = sourcecode.swift; path = LivingCollection.swift; sourceTree = "<group>"; };
		1A2987341E1503DA006F3A41 /* LivingRoom.xib */ = {isa = PBXFileReference; fileEncoding = 4; lastKnownFileType = file.xib; name = LivingRoom.xib; path = ../Controller/LivingRoom.xib; sourceTree = "<group>"; };
		1A2987361E150710006F3A41 /* RoomToolBar.swift */ = {isa = PBXFileReference; fileEncoding = 4; lastKnownFileType = sourcecode.swift; path = RoomToolBar.swift; sourceTree = "<group>"; };
		1A29873A1E150ACA006F3A41 /* RoomToolBar.xib */ = {isa = PBXFileReference; fileEncoding = 4; lastKnownFileType = file.xib; path = RoomToolBar.xib; sourceTree = "<group>"; };
		1A9AC97F1E124A7A00EC297F /* AnchorListVC.swift */ = {isa = PBXFileReference; fileEncoding = 4; lastKnownFileType = sourcecode.swift; path = AnchorListVC.swift; sourceTree = "<group>"; };
		1A9AC9811E124E0400EC297F /* InkeTitleView.swift */ = {isa = PBXFileReference; fileEncoding = 4; lastKnownFileType = sourcecode.swift; path = InkeTitleView.swift; sourceTree = "<group>"; };
		1A9AC9831E1269DD00EC297F /* HotAnchorVC.swift */ = {isa = PBXFileReference; fileEncoding = 4; lastKnownFileType = sourcecode.swift; path = HotAnchorVC.swift; sourceTree = "<group>"; };
		1A9AC9851E126DD000EC297F /* CaredAnchorVC.swift */ = {isa = PBXFileReference; fileEncoding = 4; lastKnownFileType = sourcecode.swift; path = CaredAnchorVC.swift; sourceTree = "<group>"; };
		1AF254A31E135F0900A00955 /* InkeHotAnchorCell.swift */ = {isa = PBXFileReference; fileEncoding = 4; lastKnownFileType = sourcecode.swift; path = InkeHotAnchorCell.swift; sourceTree = "<group>"; };
		1AF254A41E135F0900A00955 /* InkeHotAnchorCell.xib */ = {isa = PBXFileReference; fileEncoding = 4; lastKnownFileType = file.xib; path = InkeHotAnchorCell.xib; sourceTree = "<group>"; };
		1AF254A71E136D9700A00955 /* InkeHotViewModel.swift */ = {isa = PBXFileReference; fileEncoding = 4; lastKnownFileType = sourcecode.swift; path = InkeHotViewModel.swift; sourceTree = "<group>"; };
		1AF254A91E1372B200A00955 /* Creator.swift */ = {isa = PBXFileReference; fileEncoding = 4; lastKnownFileType = sourcecode.swift; path = Creator.swift; sourceTree = "<group>"; };
		1AF254AA1E1372B200A00955 /* Live.swift */ = {isa = PBXFileReference; fileEncoding = 4; lastKnownFileType = sourcecode.swift; path = Live.swift; sourceTree = "<group>"; };
		1AF254AB1E1372B200A00955 /* RootClass.swift */ = {isa = PBXFileReference; fileEncoding = 4; lastKnownFileType = sourcecode.swift; path = RootClass.swift; sourceTree = "<group>"; };
		1AF254AF1E13A8A800A00955 /* IJKMediaFramework.framework */ = {isa = PBXFileReference; lastKnownFileType = wrapper.framework; path = IJKMediaFramework.framework; sourceTree = "<group>"; };
		1AF254B11E13A92600A00955 /* AudioToolbox.framework */ = {isa = PBXFileReference; lastKnownFileType = wrapper.framework; name = AudioToolbox.framework; path = System/Library/Frameworks/AudioToolbox.framework; sourceTree = SDKROOT; };
		1AF254B31E13A93200A00955 /* AVFoundation.framework */ = {isa = PBXFileReference; lastKnownFileType = wrapper.framework; name = AVFoundation.framework; path = System/Library/Frameworks/AVFoundation.framework; sourceTree = SDKROOT; };
		1AF254B51E13A93F00A00955 /* CoreMedia.framework */ = {isa = PBXFileReference; lastKnownFileType = wrapper.framework; name = CoreMedia.framework; path = System/Library/Frameworks/CoreMedia.framework; sourceTree = SDKROOT; };
		1AF254B71E13A94A00A00955 /* CoreVideo.framework */ = {isa = PBXFileReference; lastKnownFileType = wrapper.framework; name = CoreVideo.framework; path = System/Library/Frameworks/CoreVideo.framework; sourceTree = SDKROOT; };
		1AF254B91E13A97900A00955 /* libbz2.tbd */ = {isa = PBXFileReference; lastKnownFileType = "sourcecode.text-based-dylib-definition"; name = libbz2.tbd; path = usr/lib/libbz2.tbd; sourceTree = SDKROOT; };
		1AF254BB1E13A98600A00955 /* libz.tbd */ = {isa = PBXFileReference; lastKnownFileType = "sourcecode.text-based-dylib-definition"; name = libz.tbd; path = usr/lib/libz.tbd; sourceTree = SDKROOT; };
		1AF254BD1E13A99B00A00955 /* MediaPlayer.framework */ = {isa = PBXFileReference; lastKnownFileType = wrapper.framework; name = MediaPlayer.framework; path = System/Library/Frameworks/MediaPlayer.framework; sourceTree = SDKROOT; };
		1AF254BF1E13A9AA00A00955 /* MobileCoreServices.framework */ = {isa = PBXFileReference; lastKnownFileType = wrapper.framework; name = MobileCoreServices.framework; path = System/Library/Frameworks/MobileCoreServices.framework; sourceTree = SDKROOT; };
		1AF254C11E13A9B700A00955 /* OpenGLES.framework */ = {isa = PBXFileReference; lastKnownFileType = wrapper.framework; name = OpenGLES.framework; path = System/Library/Frameworks/OpenGLES.framework; sourceTree = SDKROOT; };
		1AF254C31E13A9C700A00955 /* VideoToolbox.framework */ = {isa = PBXFileReference; lastKnownFileType = wrapper.framework; name = VideoToolbox.framework; path = System/Library/Frameworks/VideoToolbox.framework; sourceTree = SDKROOT; };
		1AF254C91E13C19200A00955 /* LivingRoom.swift */ = {isa = PBXFileReference; fileEncoding = 4; lastKnownFileType = sourcecode.swift; name = LivingRoom.swift; path = ../Controller/LivingRoom.swift; sourceTree = "<group>"; };
		374ADB0A1DEFC8A500794724 /* ContentView.swift */ = {isa = PBXFileReference; fileEncoding = 4; lastKnownFileType = sourcecode.swift; path = ContentView.swift; sourceTree = "<group>"; };
		374ADB0C1DEFD81800794724 /* UIColor-Extension.swift */ = {isa = PBXFileReference; fileEncoding = 4; lastKnownFileType = sourcecode.swift; path = "UIColor-Extension.swift"; sourceTree = "<group>"; };
		37553FB91DF27D36008D978D /* NetworkTool.swift */ = {isa = PBXFileReference; fileEncoding = 4; lastKnownFileType = sourcecode.swift; path = NetworkTool.swift; sourceTree = "<group>"; };
		37553FBB1DF29CEB008D978D /* RecommadViewModel.swift */ = {isa = PBXFileReference; fileEncoding = 4; lastKnownFileType = sourcecode.swift; path = RecommadViewModel.swift; sourceTree = "<group>"; };
		37553FBD1DF29D73008D978D /* NSDate-Extension.swift */ = {isa = PBXFileReference; fileEncoding = 4; lastKnownFileType = sourcecode.swift; path = "NSDate-Extension.swift"; sourceTree = "<group>"; };
		37553FBF1DF2A7A5008D978D /* AnchorGroup.swift */ = {isa = PBXFileReference; fileEncoding = 4; lastKnownFileType = sourcecode.swift; path = AnchorGroup.swift; sourceTree = "<group>"; };
		3776BCEC1DF90E0E004B5564 /* MenueView.swift */ = {isa = PBXFileReference; fileEncoding = 4; lastKnownFileType = sourcecode.swift; path = MenueView.swift; sourceTree = "<group>"; };
		3776BCEE1DF90E1F004B5564 /* MenueView.xib */ = {isa = PBXFileReference; fileEncoding = 4; lastKnownFileType = file.xib; path = MenueView.xib; sourceTree = "<group>"; };
		3776BCF01DF95ACC004B5564 /* MenueCell.swift */ = {isa = PBXFileReference; fileEncoding = 4; lastKnownFileType = sourcecode.swift; path = MenueCell.swift; sourceTree = "<group>"; };
		3776BCF11DF95ACC004B5564 /* MenueCell.xib */ = {isa = PBXFileReference; fileEncoding = 4; lastKnownFileType = file.xib; path = MenueCell.xib; sourceTree = "<group>"; };
		37883A0E1DF64E3500B36C60 /* CycleModel.swift */ = {isa = PBXFileReference; fileEncoding = 4; lastKnownFileType = sourcecode.swift; path = CycleModel.swift; sourceTree = "<group>"; };
		37883A101DF6552C00B36C60 /* CycleCell.swift */ = {isa = PBXFileReference; fileEncoding = 4; lastKnownFileType = sourcecode.swift; path = CycleCell.swift; sourceTree = "<group>"; };
		37883A111DF6552C00B36C60 /* CycleCell.xib */ = {isa = PBXFileReference; fileEncoding = 4; lastKnownFileType = file.xib; path = CycleCell.xib; sourceTree = "<group>"; };
		37883A141DF671B000B36C60 /* GameView.swift */ = {isa = PBXFileReference; fileEncoding = 4; lastKnownFileType = sourcecode.swift; path = GameView.swift; sourceTree = "<group>"; };
		37883A1A1DF672FD00B36C60 /* GameView.xib */ = {isa = PBXFileReference; fileEncoding = 4; lastKnownFileType = file.xib; path = GameView.xib; sourceTree = "<group>"; };
		37883A1C1DF6919900B36C60 /* GameCell.swift */ = {isa = PBXFileReference; fileEncoding = 4; lastKnownFileType = sourcecode.swift; path = GameCell.swift; sourceTree = "<group>"; };
		37883A1D1DF6919900B36C60 /* GameCell.xib */ = {isa = PBXFileReference; fileEncoding = 4; lastKnownFileType = file.xib; path = GameCell.xib; sourceTree = "<group>"; };
		37883A201DF6A02D00B36C60 /* GameVC.swift */ = {isa = PBXFileReference; fileEncoding = 4; lastKnownFileType = sourcecode.swift; path = GameVC.swift; sourceTree = "<group>"; };
		37883A221DF6AEBD00B36C60 /* GameViewModel.swift */ = {isa = PBXFileReference; fileEncoding = 4; lastKnownFileType = sourcecode.swift; path = GameViewModel.swift; sourceTree = "<group>"; };
		37883A241DF6B07F00B36C60 /* GameModel.swift */ = {isa = PBXFileReference; fileEncoding = 4; lastKnownFileType = sourcecode.swift; path = GameModel.swift; sourceTree = "<group>"; };
		37883A261DF6B3D100B36C60 /* GameBaseModel.swift */ = {isa = PBXFileReference; fileEncoding = 4; lastKnownFileType = sourcecode.swift; path = GameBaseModel.swift; sourceTree = "<group>"; };
		379C7DB61DEE73B000DB3A74 /* DYSwift.app */ = {isa = PBXFileReference; explicitFileType = wrapper.application; includeInIndex = 0; path = DYSwift.app; sourceTree = BUILT_PRODUCTS_DIR; };
		379C7DB91DEE73B000DB3A74 /* AppDelegate.swift */ = {isa = PBXFileReference; lastKnownFileType = sourcecode.swift; path = AppDelegate.swift; sourceTree = "<group>"; };
		379C7DBE1DEE73B000DB3A74 /* Base */ = {isa = PBXFileReference; lastKnownFileType = file.storyboard; name = Base; path = Base.lproj/Main.storyboard; sourceTree = "<group>"; };
		379C7DC01DEE73B000DB3A74 /* Assets.xcassets */ = {isa = PBXFileReference; lastKnownFileType = folder.assetcatalog; path = Assets.xcassets; sourceTree = "<group>"; };
		379C7DC51DEE73B000DB3A74 /* Info.plist */ = {isa = PBXFileReference; lastKnownFileType = text.plist.xml; path = Info.plist; sourceTree = "<group>"; };
		379C7DDB1DEE7AF600DB3A74 /* Base */ = {isa = PBXFileReference; lastKnownFileType = file.storyboard; name = Base; path = Base.lproj/Home.storyboard; sourceTree = "<group>"; };
		379C7DDD1DEE7B1D00DB3A74 /* Live.storyboard */ = {isa = PBXFileReference; fileEncoding = 4; lastKnownFileType = file.storyboard; name = Live.storyboard; path = ../../../Live.storyboard; sourceTree = "<group>"; };
		379C7DE01DEE7B5200DB3A74 /* Base */ = {isa = PBXFileReference; lastKnownFileType = file.storyboard; name = Base; path = Base.lproj/Cared.storyboard; sourceTree = "<group>"; };
		379C7DE21DEE7B7100DB3A74 /* Own.storyboard */ = {isa = PBXFileReference; fileEncoding = 4; lastKnownFileType = file.storyboard; name = Own.storyboard; path = ../../../Own.storyboard; sourceTree = "<group>"; };
		379C7DEE1DEE7CFD00DB3A74 /* RootTabBarVC.swift */ = {isa = PBXFileReference; fileEncoding = 4; lastKnownFileType = sourcecode.swift; path = RootTabBarVC.swift; sourceTree = "<group>"; };
		379C7DF01DEE898500DB3A74 /* UIBarButtonItem-Extension.swift */ = {isa = PBXFileReference; fileEncoding = 4; lastKnownFileType = sourcecode.swift; path = "UIBarButtonItem-Extension.swift"; sourceTree = "<group>"; };
		379C7DF21DEEB0D600DB3A74 /* HomeVC.swift */ = {isa = PBXFileReference; fileEncoding = 4; lastKnownFileType = sourcecode.swift; path = HomeVC.swift; sourceTree = "<group>"; };
		379C7DF41DEEBD4700DB3A74 /* Common.swift */ = {isa = PBXFileReference; fileEncoding = 4; lastKnownFileType = sourcecode.swift; path = Common.swift; sourceTree = "<group>"; };
		379C7DF61DEEBDCD00DB3A74 /* PageTitleView.swift */ = {isa = PBXFileReference; fileEncoding = 4; lastKnownFileType = sourcecode.swift; path = PageTitleView.swift; sourceTree = "<group>"; };
		379C7DF81DEED4F500DB3A74 /* UIView-Extension.swift */ = {isa = PBXFileReference; fileEncoding = 4; lastKnownFileType = sourcecode.swift; path = "UIView-Extension.swift"; sourceTree = "<group>"; };
		37AD86FE1DFA5D0C0026DE86 /* FunnyVC.swift */ = {isa = PBXFileReference; fileEncoding = 4; lastKnownFileType = sourcecode.swift; path = FunnyVC.swift; sourceTree = "<group>"; };
		37AD87001DFA5DBF0026DE86 /* MobileGameVC.swift */ = {isa = PBXFileReference; fileEncoding = 4; lastKnownFileType = sourcecode.swift; path = MobileGameVC.swift; sourceTree = "<group>"; };
		37AD87021DFA65130026DE86 /* FunnyViewModel.swift */ = {isa = PBXFileReference; fileEncoding = 4; lastKnownFileType = sourcecode.swift; path = FunnyViewModel.swift; sourceTree = "<group>"; };
		37AD87041DFA819A0026DE86 /* BaseVC.swift */ = {isa = PBXFileReference; fileEncoding = 4; lastKnownFileType = sourcecode.swift; path = BaseVC.swift; sourceTree = "<group>"; };
		37AD87091DFA922E0026DE86 /* ShowRoomVC.swift */ = {isa = PBXFileReference; fileEncoding = 4; lastKnownFileType = sourcecode.swift; path = ShowRoomVC.swift; sourceTree = "<group>"; };
		37AD870B1DFA92490026DE86 /* NormalRoomVC.swift */ = {isa = PBXFileReference; fileEncoding = 4; lastKnownFileType = sourcecode.swift; path = NormalRoomVC.swift; sourceTree = "<group>"; };
		37AD870D1DFA96D60026DE86 /* CustomNavigationController.swift */ = {isa = PBXFileReference; fileEncoding = 4; lastKnownFileType = sourcecode.swift; path = CustomNavigationController.swift; sourceTree = "<group>"; };
		37B716611DF2B18200C819D3 /* AnchorModel.swift */ = {isa = PBXFileReference; fileEncoding = 4; lastKnownFileType = sourcecode.swift; path = AnchorModel.swift; sourceTree = "<group>"; };
		37B9AE751DF7FAEC00DBFE95 /* EntertainVC.swift */ = {isa = PBXFileReference; fileEncoding = 4; lastKnownFileType = sourcecode.swift; path = EntertainVC.swift; sourceTree = "<group>"; };
		37B9AE771DF8017C00DBFE95 /* EntertainViewModel.swift */ = {isa = PBXFileReference; fileEncoding = 4; lastKnownFileType = sourcecode.swift; path = EntertainViewModel.swift; sourceTree = "<group>"; };
		37B9AE791DF80F4C00DBFE95 /* BaseViewModel.swift */ = {isa = PBXFileReference; fileEncoding = 4; lastKnownFileType = sourcecode.swift; path = BaseViewModel.swift; sourceTree = "<group>"; };
		37B9AE7B1DF81A0200DBFE95 /* BaseAnchorGroupVC.swift */ = {isa = PBXFileReference; fileEncoding = 4; lastKnownFileType = sourcecode.swift; path = BaseAnchorGroupVC.swift; sourceTree = "<group>"; };
		37C5D1551DF1296C00671C04 /* RecommandVC.swift */ = {isa = PBXFileReference; fileEncoding = 4; lastKnownFileType = sourcecode.swift; path = RecommandVC.swift; sourceTree = "<group>"; };
		37C5D1571DF14C4A00671C04 /* Reveal.framework */ = {isa = PBXFileReference; lastKnownFileType = wrapper.framework; name = Reveal.framework; path = ../../../Reveal.framework; sourceTree = "<group>"; };
		37C5D15A1DF1551800671C04 /* CollectionHeader.swift */ = {isa = PBXFileReference; fileEncoding = 4; lastKnownFileType = sourcecode.swift; path = CollectionHeader.swift; sourceTree = "<group>"; };
		37C5D15B1DF1551800671C04 /* CollectionHeader.xib */ = {isa = PBXFileReference; fileEncoding = 4; lastKnownFileType = file.xib; path = CollectionHeader.xib; sourceTree = "<group>"; };
		37C5D15E1DF15AE200671C04 /* NormalCollectionCell.swift */ = {isa = PBXFileReference; fileEncoding = 4; lastKnownFileType = sourcecode.swift; path = NormalCollectionCell.swift; sourceTree = "<group>"; };
		37C5D15F1DF15AE200671C04 /* NormalCollectionCell.xib */ = {isa = PBXFileReference; fileEncoding = 4; lastKnownFileType = file.xib; path = NormalCollectionCell.xib; sourceTree = "<group>"; };
		37C5D1621DF1697A00671C04 /* PrettyCollectionCell.swift */ = {isa = PBXFileReference; fileEncoding = 4; lastKnownFileType = sourcecode.swift; path = PrettyCollectionCell.swift; sourceTree = "<group>"; };
		37C5D1631DF1697A00671C04 /* PrettyCollectionCell.xib */ = {isa = PBXFileReference; fileEncoding = 4; lastKnownFileType = file.xib; path = PrettyCollectionCell.xib; sourceTree = "<group>"; };
		37E0A1B01DF5334E007212EE /* collectionBaseCell.swift */ = {isa = PBXFileReference; fileEncoding = 4; lastKnownFileType = sourcecode.swift; path = collectionBaseCell.swift; sourceTree = "<group>"; };
		37E0A1B21DF54CF9007212EE /* MakerCycleView.swift */ = {isa = PBXFileReference; fileEncoding = 4; lastKnownFileType = sourcecode.swift; path = MakerCycleView.swift; sourceTree = "<group>"; };
		37E0A1B41DF54D15007212EE /* MakerCycleView.xib */ = {isa = PBXFileReference; fileEncoding = 4; lastKnownFileType = file.xib; path = MakerCycleView.xib; sourceTree = "<group>"; };
		5F8ED60AFE797BF73B5E5179 /* Pods_DYSwift.framework */ = {isa = PBXFileReference; explicitFileType = wrapper.framework; includeInIndex = 0; path = Pods_DYSwift.framework; sourceTree = BUILT_PRODUCTS_DIR; };
		82C1D8B909DE2736D2ED9F65 /* Pods-DYSwift.debug.xcconfig */ = {isa = PBXFileReference; includeInIndex = 1; lastKnownFileType = text.xcconfig; name = "Pods-DYSwift.debug.xcconfig"; path = "Pods/Target Support Files/Pods-DYSwift/Pods-DYSwift.debug.xcconfig"; sourceTree = "<group>"; };
		B3EBFD3931A0A9C8A893FB44 /* Pods-DYSwift.release.xcconfig */ = {isa = PBXFileReference; includeInIndex = 1; lastKnownFileType = text.xcconfig; name = "Pods-DYSwift.release.xcconfig"; path = "Pods/Target Support Files/Pods-DYSwift/Pods-DYSwift.release.xcconfig"; sourceTree = "<group>"; };
/* End PBXFileReference section */

/* Begin PBXFrameworksBuildPhase section */
		379C7DB31DEE73B000DB3A74 /* Frameworks */ = {
			isa = PBXFrameworksBuildPhase;
			buildActionMask = 2147483647;
			files = (
				1AF254C41E13A9C700A00955 /* VideoToolbox.framework in Frameworks */,
				1AF254C21E13A9B700A00955 /* OpenGLES.framework in Frameworks */,
				1AF254C01E13A9AA00A00955 /* MobileCoreServices.framework in Frameworks */,
				1AF254BE1E13A99B00A00955 /* MediaPlayer.framework in Frameworks */,
				1AF254BC1E13A98600A00955 /* libz.tbd in Frameworks */,
				1AF254BA1E13A97900A00955 /* libbz2.tbd in Frameworks */,
				1AF254B81E13A94A00A00955 /* CoreVideo.framework in Frameworks */,
				1AF254B61E13A93F00A00955 /* CoreMedia.framework in Frameworks */,
				1AF254B41E13A93200A00955 /* AVFoundation.framework in Frameworks */,
				1AF254B21E13A92600A00955 /* AudioToolbox.framework in Frameworks */,
				1AF254B01E13A8A800A00955 /* IJKMediaFramework.framework in Frameworks */,
				37C5D1581DF14C4A00671C04 /* Reveal.framework in Frameworks */,
				51ACD29CC13E47AFC642DB50 /* Pods_DYSwift.framework in Frameworks */,
			);
			runOnlyForDeploymentPostprocessing = 0;
		};
/* End PBXFrameworksBuildPhase section */

/* Begin PBXGroup section */
		379C7DAD1DEE73B000DB3A74 = {
			isa = PBXGroup;
			children = (
				379C7DB81DEE73B000DB3A74 /* DYSwift */,
				379C7DB71DEE73B000DB3A74 /* Products */,
				4CBD9EBDDF247B007374E227 /* Pods */,
				6CA9A2896717A9356C7ECB06 /* Frameworks */,
			);
			sourceTree = "<group>";
		};
		379C7DB71DEE73B000DB3A74 /* Products */ = {
			isa = PBXGroup;
			children = (
				379C7DB61DEE73B000DB3A74 /* DYSwift.app */,
			);
			name = Products;
			sourceTree = "<group>";
		};
		379C7DB81DEE73B000DB3A74 /* DYSwift */ = {
			isa = PBXGroup;
			children = (
				379C7DCB1DEE7AB000DB3A74 /* Classes */,
				379C7DB91DEE73B000DB3A74 /* AppDelegate.swift */,
				379C7DBD1DEE73B000DB3A74 /* Main.storyboard */,
				379C7DC01DEE73B000DB3A74 /* Assets.xcassets */,
				379C7DC51DEE73B000DB3A74 /* Info.plist */,
			);
			path = DYSwift;
			sourceTree = "<group>";
		};
		379C7DCB1DEE7AB000DB3A74 /* Classes */ = {
			isa = PBXGroup;
			children = (
				379C7DD11DEE7AB000DB3A74 /* Main */,
				379C7DCC1DEE7AB000DB3A74 /* Home */,
				379C7DD61DEE7AB000DB3A74 /* Room */,
				379C7DE41DEE7C1A00DB3A74 /* Cared */,
				379C7DE91DEE7C1A00DB3A74 /* Own */,
				379C7DD81DEE7AB000DB3A74 /* Tools */,
			);
			path = Classes;
			sourceTree = "<group>";
		};
		379C7DCC1DEE7AB000DB3A74 /* Home */ = {
			isa = PBXGroup;
			children = (
				379C7DCD1DEE7AB000DB3A74 /* Controller */,
				379C7DCE1DEE7AB000DB3A74 /* Model */,
				379C7DCF1DEE7AB000DB3A74 /* View */,
				379C7DD01DEE7AB000DB3A74 /* ViewModel */,
			);
			path = Home;
			sourceTree = "<group>";
		};
		379C7DCD1DEE7AB000DB3A74 /* Controller */ = {
			isa = PBXGroup;
			children = (
				379C7DDA1DEE7AF600DB3A74 /* Home.storyboard */,
				379C7DF21DEEB0D600DB3A74 /* HomeVC.swift */,
				37C5D1551DF1296C00671C04 /* RecommandVC.swift */,
				37883A201DF6A02D00B36C60 /* GameVC.swift */,
				37B9AE751DF7FAEC00DBFE95 /* EntertainVC.swift */,
				37AD87001DFA5DBF0026DE86 /* MobileGameVC.swift */,
				37AD86FE1DFA5D0C0026DE86 /* FunnyVC.swift */,
			);
			path = Controller;
			sourceTree = "<group>";
		};
		379C7DCE1DEE7AB000DB3A74 /* Model */ = {
			isa = PBXGroup;
			children = (
				37883A241DF6B07F00B36C60 /* GameModel.swift */,
			);
			path = Model;
			sourceTree = "<group>";
		};
		379C7DCF1DEE7AB000DB3A74 /* View */ = {
			isa = PBXGroup;
			children = (
				37C5D15A1DF1551800671C04 /* CollectionHeader.swift */,
				37C5D15B1DF1551800671C04 /* CollectionHeader.xib */,
				37883A141DF671B000B36C60 /* GameView.swift */,
				37883A1A1DF672FD00B36C60 /* GameView.xib */,
				37883A1C1DF6919900B36C60 /* GameCell.swift */,
				37883A1D1DF6919900B36C60 /* GameCell.xib */,
				3776BCEC1DF90E0E004B5564 /* MenueView.swift */,
				3776BCEE1DF90E1F004B5564 /* MenueView.xib */,
				3776BCF01DF95ACC004B5564 /* MenueCell.swift */,
				3776BCF11DF95ACC004B5564 /* MenueCell.xib */,
			);
			path = View;
			sourceTree = "<group>";
		};
		379C7DD01DEE7AB000DB3A74 /* ViewModel */ = {
			isa = PBXGroup;
			children = (
				37553FBB1DF29CEB008D978D /* RecommadViewModel.swift */,
				37883A221DF6AEBD00B36C60 /* GameViewModel.swift */,
				37B9AE771DF8017C00DBFE95 /* EntertainViewModel.swift */,
				37AD87021DFA65130026DE86 /* FunnyViewModel.swift */,
			);
			path = ViewModel;
			sourceTree = "<group>";
		};
		379C7DD11DEE7AB000DB3A74 /* Main */ = {
			isa = PBXGroup;
			children = (
				379C7DD21DEE7AB000DB3A74 /* Controller */,
				379C7DD31DEE7AB000DB3A74 /* Model */,
				379C7DD41DEE7AB000DB3A74 /* View */,
				379C7DD51DEE7AB000DB3A74 /* ViewModel */,
			);
			path = Main;
			sourceTree = "<group>";
		};
		379C7DD21DEE7AB000DB3A74 /* Controller */ = {
			isa = PBXGroup;
			children = (
				379C7DEE1DEE7CFD00DB3A74 /* RootTabBarVC.swift */,
				37AD870D1DFA96D60026DE86 /* CustomNavigationController.swift */,
				37B9AE7B1DF81A0200DBFE95 /* BaseAnchorGroupVC.swift */,
				37AD87041DFA819A0026DE86 /* BaseVC.swift */,
			);
			path = Controller;
			sourceTree = "<group>";
		};
		379C7DD31DEE7AB000DB3A74 /* Model */ = {
			isa = PBXGroup;
			children = (
				37553FBF1DF2A7A5008D978D /* AnchorGroup.swift */,
				37B716611DF2B18200C819D3 /* AnchorModel.swift */,
				37883A0E1DF64E3500B36C60 /* CycleModel.swift */,
				37883A261DF6B3D100B36C60 /* GameBaseModel.swift */,
			);
			path = Model;
			sourceTree = "<group>";
		};
		379C7DD41DEE7AB000DB3A74 /* View */ = {
			isa = PBXGroup;
			children = (
				379C7DF61DEEBDCD00DB3A74 /* PageTitleView.swift */,
				374ADB0A1DEFC8A500794724 /* ContentView.swift */,
				37C5D15E1DF15AE200671C04 /* NormalCollectionCell.swift */,
				37C5D15F1DF15AE200671C04 /* NormalCollectionCell.xib */,
				37C5D1621DF1697A00671C04 /* PrettyCollectionCell.swift */,
				37E0A1B01DF5334E007212EE /* collectionBaseCell.swift */,
				37C5D1631DF1697A00671C04 /* PrettyCollectionCell.xib */,
				37E0A1B21DF54CF9007212EE /* MakerCycleView.swift */,
				37E0A1B41DF54D15007212EE /* MakerCycleView.xib */,
				37883A101DF6552C00B36C60 /* CycleCell.swift */,
				37883A111DF6552C00B36C60 /* CycleCell.xib */,
			);
			path = View;
			sourceTree = "<group>";
		};
		379C7DD51DEE7AB000DB3A74 /* ViewModel */ = {
			isa = PBXGroup;
			children = (
				37B9AE791DF80F4C00DBFE95 /* BaseViewModel.swift */,
			);
			path = ViewModel;
			sourceTree = "<group>";
		};
		379C7DD61DEE7AB000DB3A74 /* Room */ = {
			isa = PBXGroup;
			children = (
				37AD87061DFA920C0026DE86 /* model */,
				37AD87071DFA920C0026DE86 /* view */,
				37AD87081DFA920C0026DE86 /* viewModel */,
				379C7DD71DEE7AB000DB3A74 /* Controller */,
			);
			path = Room;
			sourceTree = "<group>";
		};
		379C7DD71DEE7AB000DB3A74 /* Controller */ = {
			isa = PBXGroup;
			children = (
				379C7DDD1DEE7B1D00DB3A74 /* Live.storyboard */,
				37AD87091DFA922E0026DE86 /* ShowRoomVC.swift */,
				37AD870B1DFA92490026DE86 /* NormalRoomVC.swift */,
				1A29872E1E14B90D006F3A41 /* LivingCollection.swift */,
				1A9AC97F1E124A7A00EC297F /* AnchorListVC.swift */,
				1A9AC9831E1269DD00EC297F /* HotAnchorVC.swift */,
				1A9AC9851E126DD000EC297F /* CaredAnchorVC.swift */,
			);
			path = Controller;
			sourceTree = "<group>";
		};
		379C7DD81DEE7AB000DB3A74 /* Tools */ = {
			isa = PBXGroup;
			children = (
				37C5D1591DF14C6300671C04 /* libs */,
				379C7DF41DEEBD4700DB3A74 /* Common.swift */,
				37553FB91DF27D36008D978D /* NetworkTool.swift */,
				379C7DD91DEE7AB000DB3A74 /* Extension */,
			);
			path = Tools;
			sourceTree = "<group>";
		};
		379C7DD91DEE7AB000DB3A74 /* Extension */ = {
			isa = PBXGroup;
			children = (
				379C7DF81DEED4F500DB3A74 /* UIView-Extension.swift */,
				37553FBD1DF29D73008D978D /* NSDate-Extension.swift */,
				379C7DF01DEE898500DB3A74 /* UIBarButtonItem-Extension.swift */,
				374ADB0C1DEFD81800794724 /* UIColor-Extension.swift */,
			);
			path = Extension;
			sourceTree = "<group>";
		};
		379C7DE41DEE7C1A00DB3A74 /* Cared */ = {
			isa = PBXGroup;
			children = (
				379C7DE51DEE7C1A00DB3A74 /* controller */,
				379C7DE61DEE7C1A00DB3A74 /* model */,
				379C7DE71DEE7C1A00DB3A74 /* view */,
				379C7DE81DEE7C1A00DB3A74 /* viewModel */,
			);
			path = Cared;
			sourceTree = "<group>";
		};
		379C7DE51DEE7C1A00DB3A74 /* controller */ = {
			isa = PBXGroup;
			children = (
				379C7DDF1DEE7B5200DB3A74 /* Cared.storyboard */,
			);
			path = controller;
			sourceTree = "<group>";
		};
		379C7DE61DEE7C1A00DB3A74 /* model */ = {
			isa = PBXGroup;
			children = (
			);
			path = model;
			sourceTree = "<group>";
		};
		379C7DE71DEE7C1A00DB3A74 /* view */ = {
			isa = PBXGroup;
			children = (
			);
			path = view;
			sourceTree = "<group>";
		};
		379C7DE81DEE7C1A00DB3A74 /* viewModel */ = {
			isa = PBXGroup;
			children = (
			);
			path = viewModel;
			sourceTree = "<group>";
		};
		379C7DE91DEE7C1A00DB3A74 /* Own */ = {
			isa = PBXGroup;
			children = (
				379C7DEA1DEE7C1A00DB3A74 /* controller */,
				379C7DEB1DEE7C1A00DB3A74 /* model */,
				379C7DEC1DEE7C1A00DB3A74 /* view */,
				379C7DED1DEE7C1A00DB3A74 /* viewModel */,
			);
			path = Own;
			sourceTree = "<group>";
		};
		379C7DEA1DEE7C1A00DB3A74 /* controller */ = {
			isa = PBXGroup;
			children = (
				379C7DE21DEE7B7100DB3A74 /* Own.storyboard */,
			);
			path = controller;
			sourceTree = "<group>";
		};
		379C7DEB1DEE7C1A00DB3A74 /* model */ = {
			isa = PBXGroup;
			children = (
			);
			path = model;
			sourceTree = "<group>";
		};
		379C7DEC1DEE7C1A00DB3A74 /* view */ = {
			isa = PBXGroup;
			children = (
			);
			path = view;
			sourceTree = "<group>";
		};
		379C7DED1DEE7C1A00DB3A74 /* viewModel */ = {
			isa = PBXGroup;
			children = (
			);
			path = viewModel;
			sourceTree = "<group>";
		};
		37AD87061DFA920C0026DE86 /* model */ = {
			isa = PBXGroup;
			children = (
				1AF254A91E1372B200A00955 /* Creator.swift */,
				1AF254AA1E1372B200A00955 /* Live.swift */,
				1AF254AB1E1372B200A00955 /* RootClass.swift */,
			);
			path = model;
			sourceTree = "<group>";
		};
		37AD87071DFA920C0026DE86 /* view */ = {
			isa = PBXGroup;
			children = (
				1A9AC9811E124E0400EC297F /* InkeTitleView.swift */,
				1AF254A31E135F0900A00955 /* InkeHotAnchorCell.swift */,
				1AF254A41E135F0900A00955 /* InkeHotAnchorCell.xib */,
				1A2987361E150710006F3A41 /* RoomToolBar.swift */,
				1A29873A1E150ACA006F3A41 /* RoomToolBar.xib */,
				1AF254C91E13C19200A00955 /* LivingRoom.swift */,
				1A2987341E1503DA006F3A41 /* LivingRoom.xib */,
			);
			path = view;
			sourceTree = "<group>";
		};
		37AD87081DFA920C0026DE86 /* viewModel */ = {
			isa = PBXGroup;
			children = (
				1AF254A71E136D9700A00955 /* InkeHotViewModel.swift */,
			);
			path = viewModel;
			sourceTree = "<group>";
		};
		37C5D1591DF14C6300671C04 /* libs */ = {
			isa = PBXGroup;
			children = (
				1AF254AF1E13A8A800A00955 /* IJKMediaFramework.framework */,
				37C5D1571DF14C4A00671C04 /* Reveal.framework */,
			);
			path = libs;
			sourceTree = "<group>";
		};
		4CBD9EBDDF247B007374E227 /* Pods */ = {
			isa = PBXGroup;
			children = (
				82C1D8B909DE2736D2ED9F65 /* Pods-DYSwift.debug.xcconfig */,
				B3EBFD3931A0A9C8A893FB44 /* Pods-DYSwift.release.xcconfig */,
			);
			name = Pods;
			sourceTree = "<group>";
		};
		6CA9A2896717A9356C7ECB06 /* Frameworks */ = {
			isa = PBXGroup;
			children = (
				1AF254C31E13A9C700A00955 /* VideoToolbox.framework */,
				1AF254C11E13A9B700A00955 /* OpenGLES.framework */,
				1AF254BF1E13A9AA00A00955 /* MobileCoreServices.framework */,
				1AF254BD1E13A99B00A00955 /* MediaPlayer.framework */,
				1AF254BB1E13A98600A00955 /* libz.tbd */,
				1AF254B91E13A97900A00955 /* libbz2.tbd */,
				1AF254B71E13A94A00A00955 /* CoreVideo.framework */,
				1AF254B51E13A93F00A00955 /* CoreMedia.framework */,
				1AF254B31E13A93200A00955 /* AVFoundation.framework */,
				1AF254B11E13A92600A00955 /* AudioToolbox.framework */,
				5F8ED60AFE797BF73B5E5179 /* Pods_DYSwift.framework */,
			);
			name = Frameworks;
			sourceTree = "<group>";
		};
/* End PBXGroup section */

/* Begin PBXNativeTarget section */
		379C7DB51DEE73B000DB3A74 /* DYSwift */ = {
			isa = PBXNativeTarget;
			buildConfigurationList = 379C7DC81DEE73B000DB3A74 /* Build configuration list for PBXNativeTarget "DYSwift" */;
			buildPhases = (
				33A469525643EB41BBF84190 /* [CP] Check Pods Manifest.lock */,
				379C7DB21DEE73B000DB3A74 /* Sources */,
				379C7DB31DEE73B000DB3A74 /* Frameworks */,
				379C7DB41DEE73B000DB3A74 /* Resources */,
				0168AE0B7144896967ECDAD1 /* [CP] Embed Pods Frameworks */,
				70A6E6EA9E52227CFD1FD2F4 /* [CP] Copy Pods Resources */,
			);
			buildRules = (
			);
			dependencies = (
			);
			name = DYSwift;
			productName = DYSwift;
			productReference = 379C7DB61DEE73B000DB3A74 /* DYSwift.app */;
			productType = "com.apple.product-type.application";
		};
/* End PBXNativeTarget section */

/* Begin PBXProject section */
		379C7DAE1DEE73B000DB3A74 /* Project object */ = {
			isa = PBXProject;
			attributes = {
				LastSwiftUpdateCheck = 0810;
				LastUpgradeCheck = 0820;
				ORGANIZATIONNAME = maker;
				TargetAttributes = {
					379C7DB51DEE73B000DB3A74 = {
						CreatedOnToolsVersion = 8.1;
						DevelopmentTeam = KY98ADSRDF;
						LastSwiftMigration = 0820;
						ProvisioningStyle = Automatic;
					};
				};
			};
			buildConfigurationList = 379C7DB11DEE73B000DB3A74 /* Build configuration list for PBXProject "DYSwift" */;
			compatibilityVersion = "Xcode 3.2";
			developmentRegion = English;
			hasScannedForEncodings = 0;
			knownRegions = (
				en,
				Base,
			);
			mainGroup = 379C7DAD1DEE73B000DB3A74;
			productRefGroup = 379C7DB71DEE73B000DB3A74 /* Products */;
			projectDirPath = "";
			projectRoot = "";
			targets = (
				379C7DB51DEE73B000DB3A74 /* DYSwift */,
			);
		};
/* End PBXProject section */

/* Begin PBXResourcesBuildPhase section */
		379C7DB41DEE73B000DB3A74 /* Resources */ = {
			isa = PBXResourcesBuildPhase;
			buildActionMask = 2147483647;
			files = (
				379C7DDC1DEE7AF600DB3A74 /* Home.storyboard in Resources */,
				379C7DE31DEE7B7100DB3A74 /* Own.storyboard in Resources */,
				37E0A1B51DF54D15007212EE /* MakerCycleView.xib in Resources */,
				1AF254A61E135F0900A00955 /* InkeHotAnchorCell.xib in Resources */,
				3776BCF31DF95ACC004B5564 /* MenueCell.xib in Resources */,
				37883A131DF6552C00B36C60 /* CycleCell.xib in Resources */,
				37C5D15D1DF1551800671C04 /* CollectionHeader.xib in Resources */,
				1A2987351E1503DA006F3A41 /* LivingRoom.xib in Resources */,
				379C7DE11DEE7B5200DB3A74 /* Cared.storyboard in Resources */,
				37883A1B1DF672FD00B36C60 /* GameView.xib in Resources */,
				37883A1F1DF6919900B36C60 /* GameCell.xib in Resources */,
				37C5D1651DF1697A00671C04 /* PrettyCollectionCell.xib in Resources */,
				3776BCEF1DF90E1F004B5564 /* MenueView.xib in Resources */,
				379C7DC11DEE73B000DB3A74 /* Assets.xcassets in Resources */,
				1A29873B1E150ACA006F3A41 /* RoomToolBar.xib in Resources */,
				379C7DDE1DEE7B1D00DB3A74 /* Live.storyboard in Resources */,
				37C5D1611DF15AE200671C04 /* NormalCollectionCell.xib in Resources */,
				379C7DBF1DEE73B000DB3A74 /* Main.storyboard in Resources */,
			);
			runOnlyForDeploymentPostprocessing = 0;
		};
/* End PBXResourcesBuildPhase section */

/* Begin PBXShellScriptBuildPhase section */
		0168AE0B7144896967ECDAD1 /* [CP] Embed Pods Frameworks */ = {
			isa = PBXShellScriptBuildPhase;
			buildActionMask = 2147483647;
			files = (
			);
			inputPaths = (
			);
			name = "[CP] Embed Pods Frameworks";
			outputPaths = (
			);
			runOnlyForDeploymentPostprocessing = 0;
			shellPath = /bin/sh;
			shellScript = "\"${SRCROOT}/Pods/Target Support Files/Pods-DYSwift/Pods-DYSwift-frameworks.sh\"\n";
			showEnvVarsInLog = 0;
		};
		33A469525643EB41BBF84190 /* [CP] Check Pods Manifest.lock */ = {
			isa = PBXShellScriptBuildPhase;
			buildActionMask = 2147483647;
			files = (
			);
			inputPaths = (
			);
			name = "[CP] Check Pods Manifest.lock";
			outputPaths = (
			);
			runOnlyForDeploymentPostprocessing = 0;
			shellPath = /bin/sh;
			shellScript = "diff \"${PODS_ROOT}/../Podfile.lock\" \"${PODS_ROOT}/Manifest.lock\" > /dev/null\nif [[ $? != 0 ]] ; then\n    cat << EOM\nerror: The sandbox is not in sync with the Podfile.lock. Run 'pod install' or update your CocoaPods installation.\nEOM\n    exit 1\nfi\n";
			showEnvVarsInLog = 0;
		};
		70A6E6EA9E52227CFD1FD2F4 /* [CP] Copy Pods Resources */ = {
			isa = PBXShellScriptBuildPhase;
			buildActionMask = 2147483647;
			files = (
			);
			inputPaths = (
			);
			name = "[CP] Copy Pods Resources";
			outputPaths = (
			);
			runOnlyForDeploymentPostprocessing = 0;
			shellPath = /bin/sh;
			shellScript = "\"${SRCROOT}/Pods/Target Support Files/Pods-DYSwift/Pods-DYSwift-resources.sh\"\n";
			showEnvVarsInLog = 0;
		};
/* End PBXShellScriptBuildPhase section */

/* Begin PBXSourcesBuildPhase section */
		379C7DB21DEE73B000DB3A74 /* Sources */ = {
			isa = PBXSourcesBuildPhase;
			buildActionMask = 2147483647;
			files = (
				1AF254AE1E1372B200A00955 /* RootClass.swift in Sources */,
				37AD87031DFA65130026DE86 /* FunnyViewModel.swift in Sources */,
				379C7DF71DEEBDCD00DB3A74 /* PageTitleView.swift in Sources */,
				37AD86FF1DFA5D0C0026DE86 /* FunnyVC.swift in Sources */,
				379C7DEF1DEE7CFD00DB3A74 /* RootTabBarVC.swift in Sources */,
				37553FBA1DF27D36008D978D /* NetworkTool.swift in Sources */,
				1A9AC9861E126DD000EC297F /* CaredAnchorVC.swift in Sources */,
				37C5D1601DF15AE200671C04 /* NormalCollectionCell.swift in Sources */,
				374ADB0B1DEFC8A500794724 /* ContentView.swift in Sources */,
				1AF254AC1E1372B200A00955 /* Creator.swift in Sources */,
				1AF254AD1E1372B200A00955 /* Live.swift in Sources */,
				1A9AC9801E124A7A00EC297F /* AnchorListVC.swift in Sources */,
				379C7DF31DEEB0D600DB3A74 /* HomeVC.swift in Sources */,
				37883A231DF6AEBD00B36C60 /* GameViewModel.swift in Sources */,
				37883A0F1DF64E3500B36C60 /* CycleModel.swift in Sources */,
				37E0A1B31DF54CF9007212EE /* MakerCycleView.swift in Sources */,
				374ADB0D1DEFD81800794724 /* UIColor-Extension.swift in Sources */,
				1A9AC9821E124E0400EC297F /* InkeTitleView.swift in Sources */,
				379C7DF91DEED4F500DB3A74 /* UIView-Extension.swift in Sources */,
				37AD870E1DFA96D60026DE86 /* CustomNavigationController.swift in Sources */,
				379C7DBA1DEE73B000DB3A74 /* AppDelegate.swift in Sources */,
				3776BCF21DF95ACC004B5564 /* MenueCell.swift in Sources */,
				37883A1E1DF6919900B36C60 /* GameCell.swift in Sources */,
				37B9AE7A1DF80F4C00DBFE95 /* BaseViewModel.swift in Sources */,
				37AD870A1DFA922E0026DE86 /* ShowRoomVC.swift in Sources */,
				37B9AE7C1DF81A0200DBFE95 /* BaseAnchorGroupVC.swift in Sources */,
				37553FC01DF2A7A5008D978D /* AnchorGroup.swift in Sources */,
				37883A151DF671B000B36C60 /* GameView.swift in Sources */,
				37B9AE761DF7FAEC00DBFE95 /* EntertainVC.swift in Sources */,
				37C5D1561DF1296C00671C04 /* RecommandVC.swift in Sources */,
				37553FBE1DF29D73008D978D /* NSDate-Extension.swift in Sources */,
				1A9AC9841E1269DD00EC297F /* HotAnchorVC.swift in Sources */,
				37AD87051DFA819A0026DE86 /* BaseVC.swift in Sources */,
				37553FBC1DF29CEB008D978D /* RecommadViewModel.swift in Sources */,
				1A2987371E150710006F3A41 /* RoomToolBar.swift in Sources */,
				1AF254CB1E13C19200A00955 /* LivingRoom.swift in Sources */,
				37C5D1641DF1697A00671C04 /* PrettyCollectionCell.swift in Sources */,
				3776BCED1DF90E0E004B5564 /* MenueView.swift in Sources */,
				37AD870C1DFA92490026DE86 /* NormalRoomVC.swift in Sources */,
				1A2987301E14B90D006F3A41 /* LivingCollection.swift in Sources */,
				37C5D15C1DF1551800671C04 /* CollectionHeader.swift in Sources */,
				1AF254A81E136D9700A00955 /* InkeHotViewModel.swift in Sources */,
				37883A271DF6B3D100B36C60 /* GameBaseModel.swift in Sources */,
				37883A251DF6B07F00B36C60 /* GameModel.swift in Sources */,
				379C7DF51DEEBD4700DB3A74 /* Common.swift in Sources */,
				37883A121DF6552C00B36C60 /* CycleCell.swift in Sources */,
				37B716621DF2B18200C819D3 /* AnchorModel.swift in Sources */,
				379C7DF11DEE898500DB3A74 /* UIBarButtonItem-Extension.swift in Sources */,
				37AD87011DFA5DBF0026DE86 /* MobileGameVC.swift in Sources */,
				37883A211DF6A02D00B36C60 /* GameVC.swift in Sources */,
				37E0A1B11DF5334E007212EE /* collectionBaseCell.swift in Sources */,
				37B9AE781DF8017C00DBFE95 /* EntertainViewModel.swift in Sources */,
				1AF254A51E135F0900A00955 /* InkeHotAnchorCell.swift in Sources */,
			);
			runOnlyForDeploymentPostprocessing = 0;
		};
/* End PBXSourcesBuildPhase section */

/* Begin PBXVariantGroup section */
		379C7DBD1DEE73B000DB3A74 /* Main.storyboard */ = {
			isa = PBXVariantGroup;
			children = (
				379C7DBE1DEE73B000DB3A74 /* Base */,
			);
			name = Main.storyboard;
			sourceTree = "<group>";
		};
		379C7DDA1DEE7AF600DB3A74 /* Home.storyboard */ = {
			isa = PBXVariantGroup;
			children = (
				379C7DDB1DEE7AF600DB3A74 /* Base */,
			);
			name = Home.storyboard;
			path = ../../..;
			sourceTree = "<group>";
		};
		379C7DDF1DEE7B5200DB3A74 /* Cared.storyboard */ = {
			isa = PBXVariantGroup;
			children = (
				379C7DE01DEE7B5200DB3A74 /* Base */,
			);
			name = Cared.storyboard;
			path = ../../..;
			sourceTree = "<group>";
		};
/* End PBXVariantGroup section */

/* Begin XCBuildConfiguration section */
		379C7DC61DEE73B000DB3A74 /* Debug */ = {
			isa = XCBuildConfiguration;
			buildSettings = {
				ALWAYS_SEARCH_USER_PATHS = NO;
				CLANG_ANALYZER_NONNULL = YES;
				CLANG_CXX_LANGUAGE_STANDARD = "gnu++0x";
				CLANG_CXX_LIBRARY = "libc++";
				CLANG_ENABLE_MODULES = YES;
				CLANG_ENABLE_OBJC_ARC = YES;
				CLANG_WARN_BOOL_CONVERSION = YES;
				CLANG_WARN_CONSTANT_CONVERSION = YES;
				CLANG_WARN_DIRECT_OBJC_ISA_USAGE = YES_ERROR;
				CLANG_WARN_DOCUMENTATION_COMMENTS = YES;
				CLANG_WARN_EMPTY_BODY = YES;
				CLANG_WARN_ENUM_CONVERSION = YES;
				CLANG_WARN_INFINITE_RECURSION = YES;
				CLANG_WARN_INT_CONVERSION = YES;
				CLANG_WARN_OBJC_ROOT_CLASS = YES_ERROR;
				CLANG_WARN_SUSPICIOUS_MOVE = YES;
				CLANG_WARN_SUSPICIOUS_MOVES = YES;
				CLANG_WARN_UNREACHABLE_CODE = YES;
				CLANG_WARN__DUPLICATE_METHOD_MATCH = YES;
				"CODE_SIGN_IDENTITY[sdk=iphoneos*]" = "iPhone Developer";
				COPY_PHASE_STRIP = NO;
				DEBUG_INFORMATION_FORMAT = dwarf;
				ENABLE_STRICT_OBJC_MSGSEND = YES;
				ENABLE_TESTABILITY = YES;
				GCC_C_LANGUAGE_STANDARD = gnu99;
				GCC_DYNAMIC_NO_PIC = NO;
				GCC_NO_COMMON_BLOCKS = YES;
				GCC_OPTIMIZATION_LEVEL = 0;
				GCC_PREPROCESSOR_DEFINITIONS = (
					"DEBUG=1",
					"$(inherited)",
				);
				GCC_WARN_64_TO_32_BIT_CONVERSION = YES;
				GCC_WARN_ABOUT_RETURN_TYPE = YES_ERROR;
				GCC_WARN_UNDECLARED_SELECTOR = YES;
				GCC_WARN_UNINITIALIZED_AUTOS = YES_AGGRESSIVE;
				GCC_WARN_UNUSED_FUNCTION = YES;
				GCC_WARN_UNUSED_VARIABLE = YES;
				IPHONEOS_DEPLOYMENT_TARGET = 10.1;
				MTL_ENABLE_DEBUG_INFO = YES;
				ONLY_ACTIVE_ARCH = YES;
				SDKROOT = iphoneos;
				SWIFT_ACTIVE_COMPILATION_CONDITIONS = DEBUG;
				SWIFT_OPTIMIZATION_LEVEL = "-Onone";
			};
			name = Debug;
		};
		379C7DC71DEE73B000DB3A74 /* Release */ = {
			isa = XCBuildConfiguration;
			buildSettings = {
				ALWAYS_SEARCH_USER_PATHS = NO;
				CLANG_ANALYZER_NONNULL = YES;
				CLANG_CXX_LANGUAGE_STANDARD = "gnu++0x";
				CLANG_CXX_LIBRARY = "libc++";
				CLANG_ENABLE_MODULES = YES;
				CLANG_ENABLE_OBJC_ARC = YES;
				CLANG_WARN_BOOL_CONVERSION = YES;
				CLANG_WARN_CONSTANT_CONVERSION = YES;
				CLANG_WARN_DIRECT_OBJC_ISA_USAGE = YES_ERROR;
				CLANG_WARN_DOCUMENTATION_COMMENTS = YES;
				CLANG_WARN_EMPTY_BODY = YES;
				CLANG_WARN_ENUM_CONVERSION = YES;
				CLANG_WARN_INFINITE_RECURSION = YES;
				CLANG_WARN_INT_CONVERSION = YES;
				CLANG_WARN_OBJC_ROOT_CLASS = YES_ERROR;
				CLANG_WARN_SUSPICIOUS_MOVE = YES;
				CLANG_WARN_SUSPICIOUS_MOVES = YES;
				CLANG_WARN_UNREACHABLE_CODE = YES;
				CLANG_WARN__DUPLICATE_METHOD_MATCH = YES;
				"CODE_SIGN_IDENTITY[sdk=iphoneos*]" = "iPhone Developer";
				COPY_PHASE_STRIP = NO;
				DEBUG_INFORMATION_FORMAT = "dwarf-with-dsym";
				ENABLE_NS_ASSERTIONS = NO;
				ENABLE_STRICT_OBJC_MSGSEND = YES;
				GCC_C_LANGUAGE_STANDARD = gnu99;
				GCC_NO_COMMON_BLOCKS = YES;
				GCC_WARN_64_TO_32_BIT_CONVERSION = YES;
				GCC_WARN_ABOUT_RETURN_TYPE = YES_ERROR;
				GCC_WARN_UNDECLARED_SELECTOR = YES;
				GCC_WARN_UNINITIALIZED_AUTOS = YES_AGGRESSIVE;
				GCC_WARN_UNUSED_FUNCTION = YES;
				GCC_WARN_UNUSED_VARIABLE = YES;
				IPHONEOS_DEPLOYMENT_TARGET = 10.1;
				MTL_ENABLE_DEBUG_INFO = NO;
				SDKROOT = iphoneos;
				SWIFT_OPTIMIZATION_LEVEL = "-Owholemodule";
				VALIDATE_PRODUCT = YES;
			};
			name = Release;
		};
		379C7DC91DEE73B000DB3A74 /* Debug */ = {
			isa = XCBuildConfiguration;
			baseConfigurationReference = 82C1D8B909DE2736D2ED9F65 /* Pods-DYSwift.debug.xcconfig */;
			buildSettings = {
				ALWAYS_EMBED_SWIFT_STANDARD_LIBRARIES = YES;
				ASSETCATALOG_COMPILER_APPICON_NAME = AppIcon;
				ASSETCATALOG_COMPILER_LAUNCHIMAGE_NAME = LaunchImage;
				CLANG_ENABLE_MODULES = YES;
				"CODE_SIGN_IDENTITY[sdk=iphoneos*]" = "iPhone Developer";
				DEVELOPMENT_TEAM = KY98ADSRDF;
				FRAMEWORK_SEARCH_PATHS = (
					"$(inherited)",
					"$(PROJECT_DIR)/DYSwift",
					"$(PROJECT_DIR)/DYSwift/Classes/Tools/libs",
				);
				INFOPLIST_FILE = DYSwift/Info.plist;
				IPHONEOS_DEPLOYMENT_TARGET = 9.0;
				LD_RUNPATH_SEARCH_PATHS = "$(inherited) @executable_path/Frameworks";
				OTHER_LDFLAGS = (
					"-ObjC",
					"-lz",
					"-framework",
					Reveal,
				);
				"OTHER_SWIFT_FLAGS[arch=*]" = "-D DEBUG";
				PRODUCT_BUNDLE_IDENTIFIER = mengma.cn.DYSwift;
				PRODUCT_MODULE_NAME = Live;
				PRODUCT_NAME = "$(TARGET_NAME)";
				SWIFT_OBJC_BRIDGING_HEADER = "";
				SWIFT_OPTIMIZATION_LEVEL = "-Onone";
				SWIFT_VERSION = 3.0;
			};
			name = Debug;
		};
		379C7DCA1DEE73B000DB3A74 /* Release */ = {
			isa = XCBuildConfiguration;
			baseConfigurationReference = B3EBFD3931A0A9C8A893FB44 /* Pods-DYSwift.release.xcconfig */;
			buildSettings = {
				ALWAYS_EMBED_SWIFT_STANDARD_LIBRARIES = YES;
				ASSETCATALOG_COMPILER_APPICON_NAME = AppIcon;
				ASSETCATALOG_COMPILER_LAUNCHIMAGE_NAME = LaunchImage;
				CLANG_ENABLE_MODULES = YES;
				"CODE_SIGN_IDENTITY[sdk=iphoneos*]" = "iPhone Developer";
				DEVELOPMENT_TEAM = KY98ADSRDF;
				FRAMEWORK_SEARCH_PATHS = (
					"$(inherited)",
					"$(PROJECT_DIR)/DYSwift",
					"$(PROJECT_DIR)/DYSwift/Classes/Tools/libs",
				);
				INFOPLIST_FILE = DYSwift/Info.plist;
				IPHONEOS_DEPLOYMENT_TARGET = 9.0;
				LD_RUNPATH_SEARCH_PATHS = "$(inherited) @executable_path/Frameworks";
				OTHER_LDFLAGS = (
					"-ObjC",
					"-lz",
					"-framework",
					Reveal,
				);
				PRODUCT_BUNDLE_IDENTIFIER = mengma.cn.DYSwift;
				PRODUCT_MODULE_NAME = Live;
				PRODUCT_NAME = "$(TARGET_NAME)";
				SWIFT_OBJC_BRIDGING_HEADER = "";
				SWIFT_VERSION = 3.0;
			};
			name = Release;
		};
/* End XCBuildConfiguration section */

/* Begin XCConfigurationList section */
		379C7DB11DEE73B000DB3A74 /* Build configuration list for PBXProject "DYSwift" */ = {
			isa = XCConfigurationList;
			buildConfigurations = (
				379C7DC61DEE73B000DB3A74 /* Debug */,
				379C7DC71DEE73B000DB3A74 /* Release */,
			);
			defaultConfigurationIsVisible = 0;
			defaultConfigurationName = Release;
		};
		379C7DC81DEE73B000DB3A74 /* Build configuration list for PBXNativeTarget "DYSwift" */ = {
			isa = XCConfigurationList;
			buildConfigurations = (
				379C7DC91DEE73B000DB3A74 /* Debug */,
				379C7DCA1DEE73B000DB3A74 /* Release */,
			);
			defaultConfigurationIsVisible = 0;
			defaultConfigurationName = Release;
		};
/* End XCConfigurationList section */
	};
	rootObject = 379C7DAE1DEE73B000DB3A74 /* Project object */;
}
